
Microsoft Visual Studio Solution File, Format Version 11.00
# Visual Studio 2010
Project("{2150E333-8FDC-42A3-9474-1A3956D46DE8}") = "Libraries", "Libraries", "{1B0E0C95-F2DE-45E6-BE4F-841AEA2DABE1}"
EndProject
Project("{2150E333-8FDC-42A3-9474-1A3956D46DE8}") = "Main Programs", "Main Programs", "{58B02313-ED25-4BF5-97D3-63A82AEC53F0}"
EndProject
Project("{2150E333-8FDC-42A3-9474-1A3956D46DE8}") = "Test Programs", "Test Programs", "{0438887B-6799-4E18-B4D3-1C58C4F8ECE1}"
EndProject
Project("{2150E333-8FDC-42A3-9474-1A3956D46DE8}") = "Windows Programs", "Windows Programs", "{A64B6DED-1E8B-49F7-AA9B-B83CCC8B6004}"
EndProject
Project("{8BC9CEB8-8B4A-11D0-8D11-00A0C91BC942}") = "LibBase", "Libraries\Libbase\LibBase.vcxproj", "{9B5D3D4E-F023-458A-AE92-CD8A6C30C715}"
EndProject
Project("{8BC9CEB8-8B4A-11D0-8D11-00A0C91BC942}") = "LibComm", "Libraries\Libcomm\LibComm.vcxproj", "{71894951-8BBE-4395-AE64-56F6966A7F82}"
EndProject
Project("{8BC9CEB8-8B4A-11D0-8D11-00A0C91BC942}") = "LibWin", "Libraries\Libwin\LibWin.vcxproj", "{6F1A4B11-07E1-48B2-8D13-82FC02B70AE0}"
EndProject
Project("{8BC9CEB8-8B4A-11D0-8D11-00A0C91BC942}") = "SimCommsys", "SimCommsys\SimCommsys\SimCommsys.vcxproj", "{72FBB4CF-2BC0-4290-9937-09C698F94C04}"
EndProject
Project("{8BC9CEB8-8B4A-11D0-8D11-00A0C91BC942}") = "TestWMdemodulation", "Test\TestWMdemodulation\TestWMdemodulation.vcxproj", "{71C4D6A6-46B5-4AD4-9637-D9AA5419262F}"
EndProject
Project("{8BC9CEB8-8B4A-11D0-8D11-00A0C91BC942}") = "TestConfig", "Test\TestConfig\TestConfig.vcxproj", "{6E47387D-6DD0-4146-8FA7-BFBE02EDCE8B}"
EndProject
Project("{8BC9CEB8-8B4A-11D0-8D11-00A0C91BC942}") = "TestWatermark", "Test\TestWatermark\TestWatermark.vcxproj", "{D3F3B85A-F29C-4245-8CF0-4C51D9033555}"
EndProject
Project("{8BC9CEB8-8B4A-11D0-8D11-00A0C91BC942}") = "TestGF", "Test\TestGF\TestGF.vcxproj", "{14CF7B43-B4BD-4F56-90B0-1CBF1D45449A}"
EndProject
Project("{8BC9CEB8-8B4A-11D0-8D11-00A0C91BC942}") = "TestGRSCC", "Test\TestGRSCC\TestGRSCC.vcxproj", "{EAED79B6-F5A0-43D5-B213-2C14D94E8864}"
EndProject
Project("{8BC9CEB8-8B4A-11D0-8D11-00A0C91BC942}") = "TestModem", "Test\TestModem\TestModem.vcxproj", "{FAA2EEEB-6F63-4B5B-8330-F28AEBCB1147}"
EndProject
Project("{8BC9CEB8-8B4A-11D0-8D11-00A0C91BC942}") = "TestQSC", "Test\TestQSC\TestQSC.vcxproj", "{8E869B73-F6C3-4E25-A96A-81C5DE1617FA}"
EndProject
Project("{8BC9CEB8-8B4A-11D0-8D11-00A0C91BC942}") = "ShowErrorEvent", "SimCommsys\ShowErrorEvent\ShowErrorEvent.vcxproj", "{8A85E162-78EE-42FC-96B3-A6D37A48AB5E}"
EndProject
Project("{8BC9CEB8-8B4A-11D0-8D11-00A0C91BC942}") = "CSdecode", "SimCommsys\CSdecode\CSdecode.vcxproj", "{93DAEB21-533D-4FEE-87BA-3F4AB5C8BD0F}"
EndProject
Project("{8BC9CEB8-8B4A-11D0-8D11-00A0C91BC942}") = "CSencode", "SimCommsys\CSencode\CSencode.vcxproj", "{308261CC-146B-4B23-B4A0-D9EAF443C5E2}"
EndProject
Project("{8BC9CEB8-8B4A-11D0-8D11-00A0C91BC942}") = "CStransmit", "SimCommsys\CStransmit\CStransmit.vcxproj", "{6C5B5D49-34CF-401E-B36C-37ACDD013B2A}"
EndProject
Project("{8BC9CEB8-8B4A-11D0-8D11-00A0C91BC942}") = "CSfullcycle", "SimCommsys\CSfullcycle\CSfullcycle.vcxproj", "{934D6440-6AAA-4464-8885-D029B69B1D21}"
EndProject
Project("{8BC9CEB8-8B4A-11D0-8D11-00A0C91BC942}") = "MakeSRandom", "SimCommsys\MakeSRandom\MakeSRandom.vcxproj", "{C970894D-7128-4F54-AA3F-47A353A4ABF7}"
EndProject
Project("{8BC9CEB8-8B4A-11D0-8D11-00A0C91BC942}") = "TestFSM", "Test\TestFSM\TestFSM.vcxproj", "{B59E5527-6B5B-40EC-9AC2-62925F663379}"
EndProject
Project("{8BC9CEB8-8B4A-11D0-8D11-00A0C91BC942}") = "TestLDPC", "Test\TestLDPC\TestLDPC.vcxproj", "{B6E529B1-DF90-4559-BEDB-15A75D434E50}"
EndProject
Project("{8BC9CEB8-8B4A-11D0-8D11-00A0C91BC942}") = "TestLinearity", "Test\TestLinearity\TestLinearity.vcxproj", "{E57EF277-B62D-4A12-9D3E-0B30BE198C99}"
EndProject
Project("{8BC9CEB8-8B4A-11D0-8D11-00A0C91BC942}") = "LibImage", "Libraries\Libimage\LibImage.vcxproj", "{B877E04A-B5B4-4FE0-8694-22A9EA985415}"
EndProject
Project("{8BC9CEB8-8B4A-11D0-8D11-00A0C91BC942}") = "AnalyseInterleaver", "Windows\AnalyseInterleaver\AnalyseInterleaver.vcxproj", "{CD338C16-06CB-442A-B6AD-F85580B9F3A6}"
EndProject
Project("{8BC9CEB8-8B4A-11D0-8D11-00A0C91BC942}") = "AnnealInterleaver", "Windows\AnnealInterleaver\AnnealInterleaver.vcxproj", "{A1541E91-1497-4F44-BF84-8ECA2F6A8CFB}"
	ProjectSection(ProjectDependencies) = postProject
		{B877E04A-B5B4-4FE0-8694-22A9EA985415} = {B877E04A-B5B4-4FE0-8694-22A9EA985415}
	EndProjectSection
EndProject
Project("{8BC9CEB8-8B4A-11D0-8D11-00A0C91BC942}") = "CompareLists", "SimCommsys\CompareLists\CompareLists.vcxproj", "{B43A183D-E559-44F3-977A-0DF9D2F3937D}"
EndProject
Project("{8BC9CEB8-8B4A-11D0-8D11-00A0C91BC942}") = "SSembed", "SimCommsys\SSembed\SSembed.vcxproj", "{BEEDD4F7-6083-482C-9D25-353C639C251F}"
EndProject
Project("{8BC9CEB8-8B4A-11D0-8D11-00A0C91BC942}") = "SSextract", "SimCommsys\SSextract\SSextract.vcxproj", "{208392AF-6000-443E-B154-F93CF4F8E356}"
EndProject
Project("{8BC9CEB8-8B4A-11D0-8D11-00A0C91BC942}") = "Canonicalize", "SimCommsys\Canonicalize\Canonicalize.vcxproj", "{FC77AFF3-38E7-4DC9-B524-DAEF66D7F175}"
	ProjectSection(ProjectDependencies) = postProject
		{B877E04A-B5B4-4FE0-8694-22A9EA985415} = {B877E04A-B5B4-4FE0-8694-22A9EA985415}
	EndProjectSection
EndProject
Project("{8BC9CEB8-8B4A-11D0-8D11-00A0C91BC942}") = "IMprocess", "SimCommsys\IMprocess\IMprocess.vcxproj", "{063CD11D-F144-41C8-A995-E02FEE41CDBE}"
EndProject
Project("{8BC9CEB8-8B4A-11D0-8D11-00A0C91BC942}") = "TestCipher", "Test\TestCipher\TestCipher.vcxproj", "{41059B0E-26AE-4AD8-B9AB-7E932D8659BB}"
EndProject
Project("{8BC9CEB8-8B4A-11D0-8D11-00A0C91BC942}") = "TestCUDA", "Test\TestCUDA\TestCUDA.vcxproj", "{D495B763-55C3-427F-8DF8-0FC7DE1854EE}"
EndProject
Project("{2150E333-8FDC-42A3-9474-1A3956D46DE8}") = "Installer", "Installer", "{7A5CD1E8-BF25-43A1-80BA-A608CF0D2D7D}"
EndProject
Project("{54435603-DBB4-11D2-8724-00A0C9A8B90C}") = "Install Win32", "Windows\Install\Install.vdproj", "{158CC00E-1712-4D03-AF5A-3F6E5F3D121D}"
EndProject
Project("{54435603-DBB4-11D2-8724-00A0C9A8B90C}") = "Install x64", "Windows\Install\Install x64.vdproj", "{15AE192B-516A-442C-8D21-0797395A2096}"
EndProject
Project("{2150E333-8FDC-42A3-9474-1A3956D46DE8}") = "Other", "Other", "{C20FD55E-5852-4118-81C0-56487BAE35A9}"
	ProjectSection(SolutionItems) = preProject
		SimCommSysPropSheet.props = SimCommSysPropSheet.props
	EndProjectSection
EndProject
Project("{8BC9CEB8-8B4A-11D0-8D11-00A0C91BC942}") = "QuickSimulation", "SimCommsys\QuickSimulation\QuickSimulation.vcxproj", "{42411C4A-ABA2-40C3-09AD-11A1127A2533}"
	ProjectSection(ProjectDependencies) = postProject
		{B877E04A-B5B4-4FE0-8694-22A9EA985415} = {B877E04A-B5B4-4FE0-8694-22A9EA985415}
		{9B5D3D4E-F023-458A-AE92-CD8A6C30C715} = {9B5D3D4E-F023-458A-AE92-CD8A6C30C715}
		{71894951-8BBE-4395-AE64-56F6966A7F82} = {71894951-8BBE-4395-AE64-56F6966A7F82}
	EndProjectSection
EndProject
Global
	GlobalSection(SubversionScc) = preSolution
		Svn-Managed = True
		Manager = AnkhSVN - Subversion Support for Visual Studio
	EndGlobalSection
	GlobalSection(SolutionConfigurationPlatforms) = preSolution
		Debug|Win32 = Debug|Win32
		Debug|x64 = Debug|x64
		Release|Win32 = Release|Win32
		Release|x64 = Release|x64
	EndGlobalSection
	GlobalSection(ProjectConfigurationPlatforms) = postSolution
		{9B5D3D4E-F023-458A-AE92-CD8A6C30C715}.Debug|Win32.ActiveCfg = Debug|Win32
		{9B5D3D4E-F023-458A-AE92-CD8A6C30C715}.Debug|Win32.Build.0 = Debug|Win32
		{9B5D3D4E-F023-458A-AE92-CD8A6C30C715}.Debug|x64.ActiveCfg = Debug|x64
		{9B5D3D4E-F023-458A-AE92-CD8A6C30C715}.Debug|x64.Build.0 = Debug|x64
		{9B5D3D4E-F023-458A-AE92-CD8A6C30C715}.Release|Win32.ActiveCfg = Release|Win32
		{9B5D3D4E-F023-458A-AE92-CD8A6C30C715}.Release|Win32.Build.0 = Release|Win32
		{9B5D3D4E-F023-458A-AE92-CD8A6C30C715}.Release|x64.ActiveCfg = Release|x64
		{9B5D3D4E-F023-458A-AE92-CD8A6C30C715}.Release|x64.Build.0 = Release|x64
		{71894951-8BBE-4395-AE64-56F6966A7F82}.Debug|Win32.ActiveCfg = Debug|Win32
		{71894951-8BBE-4395-AE64-56F6966A7F82}.Debug|Win32.Build.0 = Debug|Win32
		{71894951-8BBE-4395-AE64-56F6966A7F82}.Debug|x64.ActiveCfg = Debug|x64
		{71894951-8BBE-4395-AE64-56F6966A7F82}.Debug|x64.Build.0 = Debug|x64
		{71894951-8BBE-4395-AE64-56F6966A7F82}.Release|Win32.ActiveCfg = Release|Win32
		{71894951-8BBE-4395-AE64-56F6966A7F82}.Release|Win32.Build.0 = Release|Win32
		{71894951-8BBE-4395-AE64-56F6966A7F82}.Release|x64.ActiveCfg = Release|x64
		{71894951-8BBE-4395-AE64-56F6966A7F82}.Release|x64.Build.0 = Release|x64
		{6F1A4B11-07E1-48B2-8D13-82FC02B70AE0}.Debug|Win32.ActiveCfg = Debug|Win32
		{6F1A4B11-07E1-48B2-8D13-82FC02B70AE0}.Debug|Win32.Build.0 = Debug|Win32
		{6F1A4B11-07E1-48B2-8D13-82FC02B70AE0}.Debug|x64.ActiveCfg = Debug|x64
		{6F1A4B11-07E1-48B2-8D13-82FC02B70AE0}.Debug|x64.Build.0 = Debug|x64
		{6F1A4B11-07E1-48B2-8D13-82FC02B70AE0}.Release|Win32.ActiveCfg = Release|Win32
		{6F1A4B11-07E1-48B2-8D13-82FC02B70AE0}.Release|Win32.Build.0 = Release|Win32
		{6F1A4B11-07E1-48B2-8D13-82FC02B70AE0}.Release|x64.ActiveCfg = Release|x64
		{6F1A4B11-07E1-48B2-8D13-82FC02B70AE0}.Release|x64.Build.0 = Release|x64
		{72FBB4CF-2BC0-4290-9937-09C698F94C04}.Debug|Win32.ActiveCfg = Debug|Win32
		{72FBB4CF-2BC0-4290-9937-09C698F94C04}.Debug|Win32.Build.0 = Debug|Win32
		{72FBB4CF-2BC0-4290-9937-09C698F94C04}.Debug|x64.ActiveCfg = Debug|x64
		{72FBB4CF-2BC0-4290-9937-09C698F94C04}.Debug|x64.Build.0 = Debug|x64
		{72FBB4CF-2BC0-4290-9937-09C698F94C04}.Release|Win32.ActiveCfg = Release|Win32
		{72FBB4CF-2BC0-4290-9937-09C698F94C04}.Release|Win32.Build.0 = Release|Win32
		{72FBB4CF-2BC0-4290-9937-09C698F94C04}.Release|x64.ActiveCfg = Release|x64
		{72FBB4CF-2BC0-4290-9937-09C698F94C04}.Release|x64.Build.0 = Release|x64
		{71C4D6A6-46B5-4AD4-9637-D9AA5419262F}.Debug|Win32.ActiveCfg = Debug|Win32
		{71C4D6A6-46B5-4AD4-9637-D9AA5419262F}.Debug|Win32.Build.0 = Debug|Win32
		{71C4D6A6-46B5-4AD4-9637-D9AA5419262F}.Debug|x64.ActiveCfg = Debug|x64
		{71C4D6A6-46B5-4AD4-9637-D9AA5419262F}.Debug|x64.Build.0 = Debug|x64
		{71C4D6A6-46B5-4AD4-9637-D9AA5419262F}.Release|Win32.ActiveCfg = Release|Win32
		{71C4D6A6-46B5-4AD4-9637-D9AA5419262F}.Release|Win32.Build.0 = Release|Win32
		{71C4D6A6-46B5-4AD4-9637-D9AA5419262F}.Release|x64.ActiveCfg = Release|x64
		{71C4D6A6-46B5-4AD4-9637-D9AA5419262F}.Release|x64.Build.0 = Release|x64
		{6E47387D-6DD0-4146-8FA7-BFBE02EDCE8B}.Debug|Win32.ActiveCfg = Debug|Win32
		{6E47387D-6DD0-4146-8FA7-BFBE02EDCE8B}.Debug|Win32.Build.0 = Debug|Win32
		{6E47387D-6DD0-4146-8FA7-BFBE02EDCE8B}.Debug|x64.ActiveCfg = Debug|x64
		{6E47387D-6DD0-4146-8FA7-BFBE02EDCE8B}.Debug|x64.Build.0 = Debug|x64
		{6E47387D-6DD0-4146-8FA7-BFBE02EDCE8B}.Release|Win32.ActiveCfg = Release|Win32
		{6E47387D-6DD0-4146-8FA7-BFBE02EDCE8B}.Release|Win32.Build.0 = Release|Win32
		{6E47387D-6DD0-4146-8FA7-BFBE02EDCE8B}.Release|x64.ActiveCfg = Release|x64
		{6E47387D-6DD0-4146-8FA7-BFBE02EDCE8B}.Release|x64.Build.0 = Release|x64
		{D3F3B85A-F29C-4245-8CF0-4C51D9033555}.Debug|Win32.ActiveCfg = Debug|Win32
		{D3F3B85A-F29C-4245-8CF0-4C51D9033555}.Debug|Win32.Build.0 = Debug|Win32
		{D3F3B85A-F29C-4245-8CF0-4C51D9033555}.Debug|x64.ActiveCfg = Debug|x64
		{D3F3B85A-F29C-4245-8CF0-4C51D9033555}.Debug|x64.Build.0 = Debug|x64
		{D3F3B85A-F29C-4245-8CF0-4C51D9033555}.Release|Win32.ActiveCfg = Release|Win32
		{D3F3B85A-F29C-4245-8CF0-4C51D9033555}.Release|Win32.Build.0 = Release|Win32
		{D3F3B85A-F29C-4245-8CF0-4C51D9033555}.Release|x64.ActiveCfg = Release|x64
		{D3F3B85A-F29C-4245-8CF0-4C51D9033555}.Release|x64.Build.0 = Release|x64
		{14CF7B43-B4BD-4F56-90B0-1CBF1D45449A}.Debug|Win32.ActiveCfg = Debug|Win32
		{14CF7B43-B4BD-4F56-90B0-1CBF1D45449A}.Debug|Win32.Build.0 = Debug|Win32
		{14CF7B43-B4BD-4F56-90B0-1CBF1D45449A}.Debug|x64.ActiveCfg = Debug|x64
		{14CF7B43-B4BD-4F56-90B0-1CBF1D45449A}.Debug|x64.Build.0 = Debug|x64
		{14CF7B43-B4BD-4F56-90B0-1CBF1D45449A}.Release|Win32.ActiveCfg = Release|Win32
		{14CF7B43-B4BD-4F56-90B0-1CBF1D45449A}.Release|Win32.Build.0 = Release|Win32
		{14CF7B43-B4BD-4F56-90B0-1CBF1D45449A}.Release|x64.ActiveCfg = Release|x64
		{14CF7B43-B4BD-4F56-90B0-1CBF1D45449A}.Release|x64.Build.0 = Release|x64
		{EAED79B6-F5A0-43D5-B213-2C14D94E8864}.Debug|Win32.ActiveCfg = Debug|Win32
		{EAED79B6-F5A0-43D5-B213-2C14D94E8864}.Debug|Win32.Build.0 = Debug|Win32
		{EAED79B6-F5A0-43D5-B213-2C14D94E8864}.Debug|x64.ActiveCfg = Debug|x64
		{EAED79B6-F5A0-43D5-B213-2C14D94E8864}.Debug|x64.Build.0 = Debug|x64
		{EAED79B6-F5A0-43D5-B213-2C14D94E8864}.Release|Win32.ActiveCfg = Release|Win32
		{EAED79B6-F5A0-43D5-B213-2C14D94E8864}.Release|Win32.Build.0 = Release|Win32
		{EAED79B6-F5A0-43D5-B213-2C14D94E8864}.Release|x64.ActiveCfg = Release|x64
		{EAED79B6-F5A0-43D5-B213-2C14D94E8864}.Release|x64.Build.0 = Release|x64
		{FAA2EEEB-6F63-4B5B-8330-F28AEBCB1147}.Debug|Win32.ActiveCfg = Debug|Win32
		{FAA2EEEB-6F63-4B5B-8330-F28AEBCB1147}.Debug|Win32.Build.0 = Debug|Win32
		{FAA2EEEB-6F63-4B5B-8330-F28AEBCB1147}.Debug|x64.ActiveCfg = Debug|x64
		{FAA2EEEB-6F63-4B5B-8330-F28AEBCB1147}.Debug|x64.Build.0 = Debug|x64
		{FAA2EEEB-6F63-4B5B-8330-F28AEBCB1147}.Release|Win32.ActiveCfg = Release|Win32
		{FAA2EEEB-6F63-4B5B-8330-F28AEBCB1147}.Release|Win32.Build.0 = Release|Win32
		{FAA2EEEB-6F63-4B5B-8330-F28AEBCB1147}.Release|x64.ActiveCfg = Release|x64
		{FAA2EEEB-6F63-4B5B-8330-F28AEBCB1147}.Release|x64.Build.0 = Release|x64
		{8E869B73-F6C3-4E25-A96A-81C5DE1617FA}.Debug|Win32.ActiveCfg = Debug|Win32
		{8E869B73-F6C3-4E25-A96A-81C5DE1617FA}.Debug|Win32.Build.0 = Debug|Win32
		{8E869B73-F6C3-4E25-A96A-81C5DE1617FA}.Debug|x64.ActiveCfg = Debug|x64
		{8E869B73-F6C3-4E25-A96A-81C5DE1617FA}.Debug|x64.Build.0 = Debug|x64
		{8E869B73-F6C3-4E25-A96A-81C5DE1617FA}.Release|Win32.ActiveCfg = Release|Win32
		{8E869B73-F6C3-4E25-A96A-81C5DE1617FA}.Release|Win32.Build.0 = Release|Win32
		{8E869B73-F6C3-4E25-A96A-81C5DE1617FA}.Release|x64.ActiveCfg = Release|x64
		{8E869B73-F6C3-4E25-A96A-81C5DE1617FA}.Release|x64.Build.0 = Release|x64
		{8A85E162-78EE-42FC-96B3-A6D37A48AB5E}.Debug|Win32.ActiveCfg = Debug|Win32
		{8A85E162-78EE-42FC-96B3-A6D37A48AB5E}.Debug|Win32.Build.0 = Debug|Win32
		{8A85E162-78EE-42FC-96B3-A6D37A48AB5E}.Debug|x64.ActiveCfg = Debug|x64
		{8A85E162-78EE-42FC-96B3-A6D37A48AB5E}.Debug|x64.Build.0 = Debug|x64
		{8A85E162-78EE-42FC-96B3-A6D37A48AB5E}.Release|Win32.ActiveCfg = Release|Win32
		{8A85E162-78EE-42FC-96B3-A6D37A48AB5E}.Release|Win32.Build.0 = Release|Win32
		{8A85E162-78EE-42FC-96B3-A6D37A48AB5E}.Release|x64.ActiveCfg = Release|x64
		{8A85E162-78EE-42FC-96B3-A6D37A48AB5E}.Release|x64.Build.0 = Release|x64
		{93DAEB21-533D-4FEE-87BA-3F4AB5C8BD0F}.Debug|Win32.ActiveCfg = Debug|Win32
		{93DAEB21-533D-4FEE-87BA-3F4AB5C8BD0F}.Debug|Win32.Build.0 = Debug|Win32
		{93DAEB21-533D-4FEE-87BA-3F4AB5C8BD0F}.Debug|x64.ActiveCfg = Debug|x64
		{93DAEB21-533D-4FEE-87BA-3F4AB5C8BD0F}.Debug|x64.Build.0 = Debug|x64
		{93DAEB21-533D-4FEE-87BA-3F4AB5C8BD0F}.Release|Win32.ActiveCfg = Release|Win32
		{93DAEB21-533D-4FEE-87BA-3F4AB5C8BD0F}.Release|Win32.Build.0 = Release|Win32
		{93DAEB21-533D-4FEE-87BA-3F4AB5C8BD0F}.Release|x64.ActiveCfg = Release|x64
		{93DAEB21-533D-4FEE-87BA-3F4AB5C8BD0F}.Release|x64.Build.0 = Release|x64
		{308261CC-146B-4B23-B4A0-D9EAF443C5E2}.Debug|Win32.ActiveCfg = Debug|Win32
		{308261CC-146B-4B23-B4A0-D9EAF443C5E2}.Debug|Win32.Build.0 = Debug|Win32
		{308261CC-146B-4B23-B4A0-D9EAF443C5E2}.Debug|x64.ActiveCfg = Debug|x64
		{308261CC-146B-4B23-B4A0-D9EAF443C5E2}.Debug|x64.Build.0 = Debug|x64
		{308261CC-146B-4B23-B4A0-D9EAF443C5E2}.Release|Win32.ActiveCfg = Release|Win32
		{308261CC-146B-4B23-B4A0-D9EAF443C5E2}.Release|Win32.Build.0 = Release|Win32
		{308261CC-146B-4B23-B4A0-D9EAF443C5E2}.Release|x64.ActiveCfg = Release|x64
		{308261CC-146B-4B23-B4A0-D9EAF443C5E2}.Release|x64.Build.0 = Release|x64
		{6C5B5D49-34CF-401E-B36C-37ACDD013B2A}.Debug|Win32.ActiveCfg = Debug|Win32
		{6C5B5D49-34CF-401E-B36C-37ACDD013B2A}.Debug|Win32.Build.0 = Debug|Win32
		{6C5B5D49-34CF-401E-B36C-37ACDD013B2A}.Debug|x64.ActiveCfg = Debug|x64
		{6C5B5D49-34CF-401E-B36C-37ACDD013B2A}.Debug|x64.Build.0 = Debug|x64
		{6C5B5D49-34CF-401E-B36C-37ACDD013B2A}.Release|Win32.ActiveCfg = Release|Win32
		{6C5B5D49-34CF-401E-B36C-37ACDD013B2A}.Release|Win32.Build.0 = Release|Win32
		{6C5B5D49-34CF-401E-B36C-37ACDD013B2A}.Release|x64.ActiveCfg = Release|x64
		{6C5B5D49-34CF-401E-B36C-37ACDD013B2A}.Release|x64.Build.0 = Release|x64
		{934D6440-6AAA-4464-8885-D029B69B1D21}.Debug|Win32.ActiveCfg = Debug|Win32
		{934D6440-6AAA-4464-8885-D029B69B1D21}.Debug|Win32.Build.0 = Debug|Win32
		{934D6440-6AAA-4464-8885-D029B69B1D21}.Debug|x64.ActiveCfg = Debug|x64
		{934D6440-6AAA-4464-8885-D029B69B1D21}.Debug|x64.Build.0 = Debug|x64
		{934D6440-6AAA-4464-8885-D029B69B1D21}.Release|Win32.ActiveCfg = Release|Win32
		{934D6440-6AAA-4464-8885-D029B69B1D21}.Release|Win32.Build.0 = Release|Win32
		{934D6440-6AAA-4464-8885-D029B69B1D21}.Release|x64.ActiveCfg = Release|x64
		{934D6440-6AAA-4464-8885-D029B69B1D21}.Release|x64.Build.0 = Release|x64
		{C970894D-7128-4F54-AA3F-47A353A4ABF7}.Debug|Win32.ActiveCfg = Debug|Win32
		{C970894D-7128-4F54-AA3F-47A353A4ABF7}.Debug|Win32.Build.0 = Debug|Win32
		{C970894D-7128-4F54-AA3F-47A353A4ABF7}.Debug|x64.ActiveCfg = Debug|x64
		{C970894D-7128-4F54-AA3F-47A353A4ABF7}.Debug|x64.Build.0 = Debug|x64
		{C970894D-7128-4F54-AA3F-47A353A4ABF7}.Release|Win32.ActiveCfg = Release|Win32
		{C970894D-7128-4F54-AA3F-47A353A4ABF7}.Release|Win32.Build.0 = Release|Win32
		{C970894D-7128-4F54-AA3F-47A353A4ABF7}.Release|x64.ActiveCfg = Release|x64
		{C970894D-7128-4F54-AA3F-47A353A4ABF7}.Release|x64.Build.0 = Release|x64
		{B59E5527-6B5B-40EC-9AC2-62925F663379}.Debug|Win32.ActiveCfg = Debug|Win32
		{B59E5527-6B5B-40EC-9AC2-62925F663379}.Debug|Win32.Build.0 = Debug|Win32
		{B59E5527-6B5B-40EC-9AC2-62925F663379}.Debug|x64.ActiveCfg = Debug|x64
		{B59E5527-6B5B-40EC-9AC2-62925F663379}.Debug|x64.Build.0 = Debug|x64
		{B59E5527-6B5B-40EC-9AC2-62925F663379}.Release|Win32.ActiveCfg = Release|Win32
		{B59E5527-6B5B-40EC-9AC2-62925F663379}.Release|Win32.Build.0 = Release|Win32
		{B59E5527-6B5B-40EC-9AC2-62925F663379}.Release|x64.ActiveCfg = Release|x64
		{B59E5527-6B5B-40EC-9AC2-62925F663379}.Release|x64.Build.0 = Release|x64
		{B6E529B1-DF90-4559-BEDB-15A75D434E50}.Debug|Win32.ActiveCfg = Debug|Win32
		{B6E529B1-DF90-4559-BEDB-15A75D434E50}.Debug|Win32.Build.0 = Debug|Win32
		{B6E529B1-DF90-4559-BEDB-15A75D434E50}.Debug|x64.ActiveCfg = Debug|x64
		{B6E529B1-DF90-4559-BEDB-15A75D434E50}.Debug|x64.Build.0 = Debug|x64
		{B6E529B1-DF90-4559-BEDB-15A75D434E50}.Release|Win32.ActiveCfg = Release|Win32
		{B6E529B1-DF90-4559-BEDB-15A75D434E50}.Release|Win32.Build.0 = Release|Win32
		{B6E529B1-DF90-4559-BEDB-15A75D434E50}.Release|x64.ActiveCfg = Release|x64
		{B6E529B1-DF90-4559-BEDB-15A75D434E50}.Release|x64.Build.0 = Release|x64
		{E57EF277-B62D-4A12-9D3E-0B30BE198C99}.Debug|Win32.ActiveCfg = Debug|Win32
		{E57EF277-B62D-4A12-9D3E-0B30BE198C99}.Debug|Win32.Build.0 = Debug|Win32
		{E57EF277-B62D-4A12-9D3E-0B30BE198C99}.Debug|x64.ActiveCfg = Debug|x64
		{E57EF277-B62D-4A12-9D3E-0B30BE198C99}.Debug|x64.Build.0 = Debug|x64
		{E57EF277-B62D-4A12-9D3E-0B30BE198C99}.Release|Win32.ActiveCfg = Release|Win32
		{E57EF277-B62D-4A12-9D3E-0B30BE198C99}.Release|Win32.Build.0 = Release|Win32
		{E57EF277-B62D-4A12-9D3E-0B30BE198C99}.Release|x64.ActiveCfg = Release|x64
		{E57EF277-B62D-4A12-9D3E-0B30BE198C99}.Release|x64.Build.0 = Release|x64
		{B877E04A-B5B4-4FE0-8694-22A9EA985415}.Debug|Win32.ActiveCfg = Debug|Win32
		{B877E04A-B5B4-4FE0-8694-22A9EA985415}.Debug|Win32.Build.0 = Debug|Win32
		{B877E04A-B5B4-4FE0-8694-22A9EA985415}.Debug|x64.ActiveCfg = Debug|x64
		{B877E04A-B5B4-4FE0-8694-22A9EA985415}.Debug|x64.Build.0 = Debug|x64
		{B877E04A-B5B4-4FE0-8694-22A9EA985415}.Release|Win32.ActiveCfg = Release|Win32
		{B877E04A-B5B4-4FE0-8694-22A9EA985415}.Release|Win32.Build.0 = Release|Win32
		{B877E04A-B5B4-4FE0-8694-22A9EA985415}.Release|x64.ActiveCfg = Release|x64
		{B877E04A-B5B4-4FE0-8694-22A9EA985415}.Release|x64.Build.0 = Release|x64
		{CD338C16-06CB-442A-B6AD-F85580B9F3A6}.Debug|Win32.ActiveCfg = Debug|Win32
		{CD338C16-06CB-442A-B6AD-F85580B9F3A6}.Debug|Win32.Build.0 = Debug|Win32
		{CD338C16-06CB-442A-B6AD-F85580B9F3A6}.Debug|x64.ActiveCfg = Debug|x64
		{CD338C16-06CB-442A-B6AD-F85580B9F3A6}.Debug|x64.Build.0 = Debug|x64
		{CD338C16-06CB-442A-B6AD-F85580B9F3A6}.Release|Win32.ActiveCfg = Release|Win32
		{CD338C16-06CB-442A-B6AD-F85580B9F3A6}.Release|Win32.Build.0 = Release|Win32
		{CD338C16-06CB-442A-B6AD-F85580B9F3A6}.Release|x64.ActiveCfg = Release|x64
		{CD338C16-06CB-442A-B6AD-F85580B9F3A6}.Release|x64.Build.0 = Release|x64
		{A1541E91-1497-4F44-BF84-8ECA2F6A8CFB}.Debug|Win32.ActiveCfg = Debug|Win32
		{A1541E91-1497-4F44-BF84-8ECA2F6A8CFB}.Debug|Win32.Build.0 = Debug|Win32
		{A1541E91-1497-4F44-BF84-8ECA2F6A8CFB}.Debug|x64.ActiveCfg = Debug|x64
		{A1541E91-1497-4F44-BF84-8ECA2F6A8CFB}.Debug|x64.Build.0 = Debug|x64
		{A1541E91-1497-4F44-BF84-8ECA2F6A8CFB}.Release|Win32.ActiveCfg = Release|Win32
		{A1541E91-1497-4F44-BF84-8ECA2F6A8CFB}.Release|Win32.Build.0 = Release|Win32
		{A1541E91-1497-4F44-BF84-8ECA2F6A8CFB}.Release|x64.ActiveCfg = Release|x64
		{A1541E91-1497-4F44-BF84-8ECA2F6A8CFB}.Release|x64.Build.0 = Release|x64
		{B43A183D-E559-44F3-977A-0DF9D2F3937D}.Debug|Win32.ActiveCfg = Debug|Win32
		{B43A183D-E559-44F3-977A-0DF9D2F3937D}.Debug|Win32.Build.0 = Debug|Win32
		{B43A183D-E559-44F3-977A-0DF9D2F3937D}.Debug|x64.ActiveCfg = Debug|x64
		{B43A183D-E559-44F3-977A-0DF9D2F3937D}.Debug|x64.Build.0 = Debug|x64
		{B43A183D-E559-44F3-977A-0DF9D2F3937D}.Release|Win32.ActiveCfg = Release|Win32
		{B43A183D-E559-44F3-977A-0DF9D2F3937D}.Release|Win32.Build.0 = Release|Win32
		{B43A183D-E559-44F3-977A-0DF9D2F3937D}.Release|x64.ActiveCfg = Release|x64
		{B43A183D-E559-44F3-977A-0DF9D2F3937D}.Release|x64.Build.0 = Release|x64
		{BEEDD4F7-6083-482C-9D25-353C639C251F}.Debug|Win32.ActiveCfg = Debug|Win32
		{BEEDD4F7-6083-482C-9D25-353C639C251F}.Debug|Win32.Build.0 = Debug|Win32
		{BEEDD4F7-6083-482C-9D25-353C639C251F}.Debug|x64.ActiveCfg = Debug|x64
		{BEEDD4F7-6083-482C-9D25-353C639C251F}.Debug|x64.Build.0 = Debug|x64
		{BEEDD4F7-6083-482C-9D25-353C639C251F}.Release|Win32.ActiveCfg = Release|Win32
		{BEEDD4F7-6083-482C-9D25-353C639C251F}.Release|Win32.Build.0 = Release|Win32
		{BEEDD4F7-6083-482C-9D25-353C639C251F}.Release|x64.ActiveCfg = Release|x64
		{BEEDD4F7-6083-482C-9D25-353C639C251F}.Release|x64.Build.0 = Release|x64
		{208392AF-6000-443E-B154-F93CF4F8E356}.Debug|Win32.ActiveCfg = Debug|Win32
		{208392AF-6000-443E-B154-F93CF4F8E356}.Debug|Win32.Build.0 = Debug|Win32
		{208392AF-6000-443E-B154-F93CF4F8E356}.Debug|x64.ActiveCfg = Debug|x64
		{208392AF-6000-443E-B154-F93CF4F8E356}.Debug|x64.Build.0 = Debug|x64
		{208392AF-6000-443E-B154-F93CF4F8E356}.Release|Win32.ActiveCfg = Release|Win32
		{208392AF-6000-443E-B154-F93CF4F8E356}.Release|Win32.Build.0 = Release|Win32
		{208392AF-6000-443E-B154-F93CF4F8E356}.Release|x64.ActiveCfg = Release|x64
		{208392AF-6000-443E-B154-F93CF4F8E356}.Release|x64.Build.0 = Release|x64
		{FC77AFF3-38E7-4DC9-B524-DAEF66D7F175}.Debug|Win32.ActiveCfg = Debug|Win32
		{FC77AFF3-38E7-4DC9-B524-DAEF66D7F175}.Debug|Win32.Build.0 = Debug|Win32
		{FC77AFF3-38E7-4DC9-B524-DAEF66D7F175}.Debug|x64.ActiveCfg = Debug|x64
		{FC77AFF3-38E7-4DC9-B524-DAEF66D7F175}.Debug|x64.Build.0 = Debug|x64
		{FC77AFF3-38E7-4DC9-B524-DAEF66D7F175}.Release|Win32.ActiveCfg = Release|Win32
		{FC77AFF3-38E7-4DC9-B524-DAEF66D7F175}.Release|Win32.Build.0 = Release|Win32
		{FC77AFF3-38E7-4DC9-B524-DAEF66D7F175}.Release|x64.ActiveCfg = Release|x64
		{FC77AFF3-38E7-4DC9-B524-DAEF66D7F175}.Release|x64.Build.0 = Release|x64
		{063CD11D-F144-41C8-A995-E02FEE41CDBE}.Debug|Win32.ActiveCfg = Debug|Win32
		{063CD11D-F144-41C8-A995-E02FEE41CDBE}.Debug|Win32.Build.0 = Debug|Win32
		{063CD11D-F144-41C8-A995-E02FEE41CDBE}.Debug|x64.ActiveCfg = Debug|x64
		{063CD11D-F144-41C8-A995-E02FEE41CDBE}.Debug|x64.Build.0 = Debug|x64
		{063CD11D-F144-41C8-A995-E02FEE41CDBE}.Release|Win32.ActiveCfg = Release|Win32
		{063CD11D-F144-41C8-A995-E02FEE41CDBE}.Release|Win32.Build.0 = Release|Win32
		{063CD11D-F144-41C8-A995-E02FEE41CDBE}.Release|x64.ActiveCfg = Release|x64
		{063CD11D-F144-41C8-A995-E02FEE41CDBE}.Release|x64.Build.0 = Release|x64
		{41059B0E-26AE-4AD8-B9AB-7E932D8659BB}.Debug|Win32.ActiveCfg = Debug|Win32
		{41059B0E-26AE-4AD8-B9AB-7E932D8659BB}.Debug|Win32.Build.0 = Debug|Win32
		{41059B0E-26AE-4AD8-B9AB-7E932D8659BB}.Debug|x64.ActiveCfg = Debug|x64
		{41059B0E-26AE-4AD8-B9AB-7E932D8659BB}.Debug|x64.Build.0 = Debug|x64
		{41059B0E-26AE-4AD8-B9AB-7E932D8659BB}.Release|Win32.ActiveCfg = Release|Win32
		{41059B0E-26AE-4AD8-B9AB-7E932D8659BB}.Release|Win32.Build.0 = Release|Win32
		{41059B0E-26AE-4AD8-B9AB-7E932D8659BB}.Release|x64.ActiveCfg = Release|x64
		{41059B0E-26AE-4AD8-B9AB-7E932D8659BB}.Release|x64.Build.0 = Release|x64
		{D495B763-55C3-427F-8DF8-0FC7DE1854EE}.Debug|Win32.ActiveCfg = Debug|Win32
		{D495B763-55C3-427F-8DF8-0FC7DE1854EE}.Debug|Win32.Build.0 = Debug|Win32
		{D495B763-55C3-427F-8DF8-0FC7DE1854EE}.Debug|x64.ActiveCfg = Debug|x64
		{D495B763-55C3-427F-8DF8-0FC7DE1854EE}.Debug|x64.Build.0 = Debug|x64
		{D495B763-55C3-427F-8DF8-0FC7DE1854EE}.Release|Win32.ActiveCfg = Release|Win32
		{D495B763-55C3-427F-8DF8-0FC7DE1854EE}.Release|Win32.Build.0 = Release|Win32
		{D495B763-55C3-427F-8DF8-0FC7DE1854EE}.Release|x64.ActiveCfg = Release|x64
		{D495B763-55C3-427F-8DF8-0FC7DE1854EE}.Release|x64.Build.0 = Release|x64
		{158CC00E-1712-4D03-AF5A-3F6E5F3D121D}.Debug|Win32.ActiveCfg = Debug
		{158CC00E-1712-4D03-AF5A-3F6E5F3D121D}.Debug|Win32.Build.0 = Debug
		{158CC00E-1712-4D03-AF5A-3F6E5F3D121D}.Debug|x64.ActiveCfg = Debug
		{158CC00E-1712-4D03-AF5A-3F6E5F3D121D}.Release|Win32.ActiveCfg = Release
		{158CC00E-1712-4D03-AF5A-3F6E5F3D121D}.Release|Win32.Build.0 = Release
		{158CC00E-1712-4D03-AF5A-3F6E5F3D121D}.Release|x64.ActiveCfg = Release
		{15AE192B-516A-442C-8D21-0797395A2096}.Debug|Win32.ActiveCfg = Debug
		{15AE192B-516A-442C-8D21-0797395A2096}.Debug|x64.ActiveCfg = Debug
		{15AE192B-516A-442C-8D21-0797395A2096}.Debug|x64.Build.0 = Debug
		{15AE192B-516A-442C-8D21-0797395A2096}.Release|Win32.ActiveCfg = Release
		{15AE192B-516A-442C-8D21-0797395A2096}.Release|x64.ActiveCfg = Release
		{15AE192B-516A-442C-8D21-0797395A2096}.Release|x64.Build.0 = Release
		{42411C4A-ABA2-40C3-09AD-11A1127A2533}.Debug|Win32.ActiveCfg = Debug|Win32
		{42411C4A-ABA2-40C3-09AD-11A1127A2533}.Debug|Win32.Build.0 = Debug|Win32
		{42411C4A-ABA2-40C3-09AD-11A1127A2533}.Debug|x64.ActiveCfg = Debug|x64
		{42411C4A-ABA2-40C3-09AD-11A1127A2533}.Debug|x64.Build.0 = Debug|x64
		{42411C4A-ABA2-40C3-09AD-11A1127A2533}.Release|Win32.ActiveCfg = Release|Win32
		{42411C4A-ABA2-40C3-09AD-11A1127A2533}.Release|Win32.Build.0 = Release|Win32
		{42411C4A-ABA2-40C3-09AD-11A1127A2533}.Release|x64.ActiveCfg = Release|x64
		{42411C4A-ABA2-40C3-09AD-11A1127A2533}.Release|x64.Build.0 = Release|x64
	EndGlobalSection
	GlobalSection(SolutionProperties) = preSolution
		HideSolutionNode = FALSE
	EndGlobalSection
	GlobalSection(NestedProjects) = preSolution
		{9B5D3D4E-F023-458A-AE92-CD8A6C30C715} = {1B0E0C95-F2DE-45E6-BE4F-841AEA2DABE1}
		{71894951-8BBE-4395-AE64-56F6966A7F82} = {1B0E0C95-F2DE-45E6-BE4F-841AEA2DABE1}
		{6F1A4B11-07E1-48B2-8D13-82FC02B70AE0} = {1B0E0C95-F2DE-45E6-BE4F-841AEA2DABE1}
		{B877E04A-B5B4-4FE0-8694-22A9EA985415} = {1B0E0C95-F2DE-45E6-BE4F-841AEA2DABE1}
		{72FBB4CF-2BC0-4290-9937-09C698F94C04} = {58B02313-ED25-4BF5-97D3-63A82AEC53F0}
		{8A85E162-78EE-42FC-96B3-A6D37A48AB5E} = {58B02313-ED25-4BF5-97D3-63A82AEC53F0}
		{93DAEB21-533D-4FEE-87BA-3F4AB5C8BD0F} = {58B02313-ED25-4BF5-97D3-63A82AEC53F0}
		{308261CC-146B-4B23-B4A0-D9EAF443C5E2} = {58B02313-ED25-4BF5-97D3-63A82AEC53F0}
		{6C5B5D49-34CF-401E-B36C-37ACDD013B2A} = {58B02313-ED25-4BF5-97D3-63A82AEC53F0}
		{934D6440-6AAA-4464-8885-D029B69B1D21} = {58B02313-ED25-4BF5-97D3-63A82AEC53F0}
		{C970894D-7128-4F54-AA3F-47A353A4ABF7} = {58B02313-ED25-4BF5-97D3-63A82AEC53F0}
		{B43A183D-E559-44F3-977A-0DF9D2F3937D} = {58B02313-ED25-4BF5-97D3-63A82AEC53F0}
		{BEEDD4F7-6083-482C-9D25-353C639C251F} = {58B02313-ED25-4BF5-97D3-63A82AEC53F0}
		{208392AF-6000-443E-B154-F93CF4F8E356} = {58B02313-ED25-4BF5-97D3-63A82AEC53F0}
		{FC77AFF3-38E7-4DC9-B524-DAEF66D7F175} = {58B02313-ED25-4BF5-97D3-63A82AEC53F0}
		{063CD11D-F144-41C8-A995-E02FEE41CDBE} = {58B02313-ED25-4BF5-97D3-63A82AEC53F0}
		{42411C4A-ABA2-40C3-09AD-11A1127A2533} = {58B02313-ED25-4BF5-97D3-63A82AEC53F0}
		{71C4D6A6-46B5-4AD4-9637-D9AA5419262F} = {0438887B-6799-4E18-B4D3-1C58C4F8ECE1}
		{6E47387D-6DD0-4146-8FA7-BFBE02EDCE8B} = {0438887B-6799-4E18-B4D3-1C58C4F8ECE1}
		{D3F3B85A-F29C-4245-8CF0-4C51D9033555} = {0438887B-6799-4E18-B4D3-1C58C4F8ECE1}
		{14CF7B43-B4BD-4F56-90B0-1CBF1D45449A} = {0438887B-6799-4E18-B4D3-1C58C4F8ECE1}
		{EAED79B6-F5A0-43D5-B213-2C14D94E8864} = {0438887B-6799-4E18-B4D3-1C58C4F8ECE1}
		{FAA2EEEB-6F63-4B5B-8330-F28AEBCB1147} = {0438887B-6799-4E18-B4D3-1C58C4F8ECE1}
		{8E869B73-F6C3-4E25-A96A-81C5DE1617FA} = {0438887B-6799-4E18-B4D3-1C58C4F8ECE1}
		{B59E5527-6B5B-40EC-9AC2-62925F663379} = {0438887B-6799-4E18-B4D3-1C58C4F8ECE1}
		{B6E529B1-DF90-4559-BEDB-15A75D434E50} = {0438887B-6799-4E18-B4D3-1C58C4F8ECE1}
		{E57EF277-B62D-4A12-9D3E-0B30BE198C99} = {0438887B-6799-4E18-B4D3-1C58C4F8ECE1}
		{41059B0E-26AE-4AD8-B9AB-7E932D8659BB} = {0438887B-6799-4E18-B4D3-1C58C4F8ECE1}
		{D495B763-55C3-427F-8DF8-0FC7DE1854EE} = {0438887B-6799-4E18-B4D3-1C58C4F8ECE1}
		{CD338C16-06CB-442A-B6AD-F85580B9F3A6} = {A64B6DED-1E8B-49F7-AA9B-B83CCC8B6004}
		{A1541E91-1497-4F44-BF84-8ECA2F6A8CFB} = {A64B6DED-1E8B-49F7-AA9B-B83CCC8B6004}
		{158CC00E-1712-4D03-AF5A-3F6E5F3D121D} = {7A5CD1E8-BF25-43A1-80BA-A608CF0D2D7D}
		{15AE192B-516A-442C-8D21-0797395A2096} = {7A5CD1E8-BF25-43A1-80BA-A608CF0D2D7D}
	EndGlobalSection
EndGlobal
