
Microsoft Visual Studio Solution File, Format Version 9.00
# Visual Studio 2005
Project("{8BC9CEB8-8B4A-11D0-8D11-00A0C91BC942}") = "AutomateEmbedding", "AutomateEmbedding\AutomateEmbedding.vcproj", "{A948D64A-3EEB-4BE0-89CC-010528312DEF}"
	ProjectSection(ProjectDependencies) = postProject
		{9B5D3D4E-F023-458A-AE92-CD8A6C30C715} = {9B5D3D4E-F023-458A-AE92-CD8A6C30C715}
		{6F1A4B11-07E1-48B2-8D13-82FC02B70AE0} = {6F1A4B11-07E1-48B2-8D13-82FC02B70AE0}
	EndProjectSection
EndProject
Project("{8BC9CEB8-8B4A-11D0-8D11-00A0C91BC942}") = "AutomateGraphing", "AutomateGraphing\AutomateGraphing.vcproj", "{54B32276-0DC7-4577-9BC3-6869FB50BF3D}"
	ProjectSection(ProjectDependencies) = postProject
		{6F1A4B11-07E1-48B2-8D13-82FC02B70AE0} = {6F1A4B11-07E1-48B2-8D13-82FC02B70AE0}
		{9B5D3D4E-F023-458A-AE92-CD8A6C30C715} = {9B5D3D4E-F023-458A-AE92-CD8A6C30C715}
	EndProjectSection
EndProject
Project("{8BC9CEB8-8B4A-11D0-8D11-00A0C91BC942}") = "FilterATM", "FilterATM\FilterATM.vcproj", "{B86D110E-3AEB-46C1-91C7-91C0F6E775DA}"
	ProjectSection(ProjectDependencies) = postProject
		{9B5D3D4E-F023-458A-AE92-CD8A6C30C715} = {9B5D3D4E-F023-458A-AE92-CD8A6C30C715}
		{B877E04A-B5B4-4FE0-8694-22A9EA985415} = {B877E04A-B5B4-4FE0-8694-22A9EA985415}
		{6F1A4B11-07E1-48B2-8D13-82FC02B70AE0} = {6F1A4B11-07E1-48B2-8D13-82FC02B70AE0}
	EndProjectSection
EndProject
Project("{8BC9CEB8-8B4A-11D0-8D11-00A0C91BC942}") = "FilterAW", "FilterAW\FilterAW.vcproj", "{221EC1E3-C402-49C2-8ECE-B134FC000DFA}"
	ProjectSection(ProjectDependencies) = postProject
		{6F1A4B11-07E1-48B2-8D13-82FC02B70AE0} = {6F1A4B11-07E1-48B2-8D13-82FC02B70AE0}
		{B877E04A-B5B4-4FE0-8694-22A9EA985415} = {B877E04A-B5B4-4FE0-8694-22A9EA985415}
		{9B5D3D4E-F023-458A-AE92-CD8A6C30C715} = {9B5D3D4E-F023-458A-AE92-CD8A6C30C715}
	EndProjectSection
EndProject
Project("{8BC9CEB8-8B4A-11D0-8D11-00A0C91BC942}") = "FilterEmbed", "FilterEmbed\FilterEmbed.vcproj", "{7D694236-7686-4BB0-997F-AFB88F354776}"
	ProjectSection(ProjectDependencies) = postProject
		{B877E04A-B5B4-4FE0-8694-22A9EA985415} = {B877E04A-B5B4-4FE0-8694-22A9EA985415}
		{9B5D3D4E-F023-458A-AE92-CD8A6C30C715} = {9B5D3D4E-F023-458A-AE92-CD8A6C30C715}
		{71894951-8BBE-4395-AE64-56F6966A7F82} = {71894951-8BBE-4395-AE64-56F6966A7F82}
		{6F1A4B11-07E1-48B2-8D13-82FC02B70AE0} = {6F1A4B11-07E1-48B2-8D13-82FC02B70AE0}
	EndProjectSection
EndProject
Project("{8BC9CEB8-8B4A-11D0-8D11-00A0C91BC942}") = "FilterEnergy", "FilterEnergy\FilterEnergy.vcproj", "{A4757ED4-A8EE-4602-B6B3-BD8B34CBE476}"
	ProjectSection(ProjectDependencies) = postProject
		{9B5D3D4E-F023-458A-AE92-CD8A6C30C715} = {9B5D3D4E-F023-458A-AE92-CD8A6C30C715}
		{6F1A4B11-07E1-48B2-8D13-82FC02B70AE0} = {6F1A4B11-07E1-48B2-8D13-82FC02B70AE0}
	EndProjectSection
EndProject
Project("{8BC9CEB8-8B4A-11D0-8D11-00A0C91BC942}") = "FilterExport", "FilterExport\FilterExport.vcproj", "{99A9F2D2-A043-4090-B98F-F50392EB6238}"
	ProjectSection(ProjectDependencies) = postProject
		{6F1A4B11-07E1-48B2-8D13-82FC02B70AE0} = {6F1A4B11-07E1-48B2-8D13-82FC02B70AE0}
		{9B5D3D4E-F023-458A-AE92-CD8A6C30C715} = {9B5D3D4E-F023-458A-AE92-CD8A6C30C715}
	EndProjectSection
EndProject
Project("{8BC9CEB8-8B4A-11D0-8D11-00A0C91BC942}") = "FilterExtract", "FilterExtract\FilterExtract.vcproj", "{91C70CA6-1042-4732-8F87-D656D330D0A0}"
	ProjectSection(ProjectDependencies) = postProject
		{6F1A4B11-07E1-48B2-8D13-82FC02B70AE0} = {6F1A4B11-07E1-48B2-8D13-82FC02B70AE0}
		{B877E04A-B5B4-4FE0-8694-22A9EA985415} = {B877E04A-B5B4-4FE0-8694-22A9EA985415}
		{9B5D3D4E-F023-458A-AE92-CD8A6C30C715} = {9B5D3D4E-F023-458A-AE92-CD8A6C30C715}
		{71894951-8BBE-4395-AE64-56F6966A7F82} = {71894951-8BBE-4395-AE64-56F6966A7F82}
	EndProjectSection
EndProject
Project("{8BC9CEB8-8B4A-11D0-8D11-00A0C91BC942}") = "FilterLevels", "FilterLevels\FilterLevels.vcproj", "{D7A0C88B-1024-4047-9146-AD7505536AC8}"
	ProjectSection(ProjectDependencies) = postProject
		{9B5D3D4E-F023-458A-AE92-CD8A6C30C715} = {9B5D3D4E-F023-458A-AE92-CD8A6C30C715}
		{B877E04A-B5B4-4FE0-8694-22A9EA985415} = {B877E04A-B5B4-4FE0-8694-22A9EA985415}
		{6F1A4B11-07E1-48B2-8D13-82FC02B70AE0} = {6F1A4B11-07E1-48B2-8D13-82FC02B70AE0}
	EndProjectSection
EndProject
Project("{8BC9CEB8-8B4A-11D0-8D11-00A0C91BC942}") = "FilterOrphans", "FilterOrphans\FilterOrphans.vcproj", "{78E8FC5F-B821-44B8-ACA7-103A1FA4029F}"
	ProjectSection(ProjectDependencies) = postProject
		{6F1A4B11-07E1-48B2-8D13-82FC02B70AE0} = {6F1A4B11-07E1-48B2-8D13-82FC02B70AE0}
		{9B5D3D4E-F023-458A-AE92-CD8A6C30C715} = {9B5D3D4E-F023-458A-AE92-CD8A6C30C715}
	EndProjectSection
EndProject
Project("{8BC9CEB8-8B4A-11D0-8D11-00A0C91BC942}") = "FilterVariance", "FilterVariance\FilterVariance.vcproj", "{B11701AB-AB4A-4117-9B32-15351A8444E8}"
	ProjectSection(ProjectDependencies) = postProject
		{6F1A4B11-07E1-48B2-8D13-82FC02B70AE0} = {6F1A4B11-07E1-48B2-8D13-82FC02B70AE0}
		{B877E04A-B5B4-4FE0-8694-22A9EA985415} = {B877E04A-B5B4-4FE0-8694-22A9EA985415}
		{9B5D3D4E-F023-458A-AE92-CD8A6C30C715} = {9B5D3D4E-F023-458A-AE92-CD8A6C30C715}
	EndProjectSection
EndProject
Project("{8BC9CEB8-8B4A-11D0-8D11-00A0C91BC942}") = "FilterWavelet", "FilterWavelet\FilterWavelet.vcproj", "{59929F9C-91B2-4FDD-A245-BEB9E5490882}"
	ProjectSection(ProjectDependencies) = postProject
		{9B5D3D4E-F023-458A-AE92-CD8A6C30C715} = {9B5D3D4E-F023-458A-AE92-CD8A6C30C715}
		{B877E04A-B5B4-4FE0-8694-22A9EA985415} = {B877E04A-B5B4-4FE0-8694-22A9EA985415}
		{6F1A4B11-07E1-48B2-8D13-82FC02B70AE0} = {6F1A4B11-07E1-48B2-8D13-82FC02B70AE0}
	EndProjectSection
EndProject
Project("{8BC9CEB8-8B4A-11D0-8D11-00A0C91BC942}") = "LibBase", "..\Libraries\LibBase\LibBase.vcproj", "{9B5D3D4E-F023-458A-AE92-CD8A6C30C715}"
EndProject
Project("{8BC9CEB8-8B4A-11D0-8D11-00A0C91BC942}") = "LibComm", "..\Libraries\LibComm\LibComm.vcproj", "{71894951-8BBE-4395-AE64-56F6966A7F82}"
	ProjectSection(ProjectDependencies) = postProject
		{9B5D3D4E-F023-458A-AE92-CD8A6C30C715} = {9B5D3D4E-F023-458A-AE92-CD8A6C30C715}
	EndProjectSection
EndProject
Project("{8BC9CEB8-8B4A-11D0-8D11-00A0C91BC942}") = "LibImage", "..\Libraries\LibImage\LibImage.vcproj", "{B877E04A-B5B4-4FE0-8694-22A9EA985415}"
	ProjectSection(ProjectDependencies) = postProject
		{9E219DF2-315D-478E-8A07-8960C377CE1E} = {9E219DF2-315D-478E-8A07-8960C377CE1E}
		{9B5D3D4E-F023-458A-AE92-CD8A6C30C715} = {9B5D3D4E-F023-458A-AE92-CD8A6C30C715}
	EndProjectSection
EndProject
Project("{8BC9CEB8-8B4A-11D0-8D11-00A0C91BC942}") = "LibWin", "..\Libraries\LibWin\LibWin.vcproj", "{6F1A4B11-07E1-48B2-8D13-82FC02B70AE0}"
	ProjectSection(ProjectDependencies) = postProject
		{9B5D3D4E-F023-458A-AE92-CD8A6C30C715} = {9B5D3D4E-F023-458A-AE92-CD8A6C30C715}
	EndProjectSection
EndProject
Project("{8BC9CEB8-8B4A-11D0-8D11-00A0C91BC942}") = "PluginWizard", "PluginWizard\PluginWizard.vcproj", "{108AF857-D5F6-475F-BA02-5EA3BB2DEE7A}"
EndProject
Project("{2150E333-8FDC-42A3-9474-1A3956D46DE8}") = "Libraries", "Libraries", "{E3D21F9E-AF00-4BEA-9C3D-0D05980C5664}"
EndProject
Project("{2150E333-8FDC-42A3-9474-1A3956D46DE8}") = "FreeImage", "FreeImage", "{B01705AB-3C99-47B6-B8F7-B6BD95D943E5}"
EndProject
Project("{8BC9CEB8-8B4A-11D0-8D11-00A0C91BC942}") = "LibJPEG", "..\Downloaded\FreeImage\Source\LibJPEG\LibJPEG.vcproj", "{5E1D4E5F-E10C-4BA3-B663-F33014FD21D9}"
EndProject
Project("{8BC9CEB8-8B4A-11D0-8D11-00A0C91BC942}") = "LibMNG", "..\Downloaded\FreeImage\Source\LibMNG\LibMNG.vcproj", "{912A2D43-35A3-4AF2-B2EB-0D81EFFDA6DC}"
EndProject
Project("{8BC9CEB8-8B4A-11D0-8D11-00A0C91BC942}") = "LibPNG", "..\Downloaded\FreeImage\Source\LibPNG\LibPNG.vcproj", "{7DB10B50-CE00-4D7A-B322-6824F05D2FCB}"
EndProject
Project("{8BC9CEB8-8B4A-11D0-8D11-00A0C91BC942}") = "LibTIFF", "..\Downloaded\FreeImage\Source\LibTIFF\LibTIFF.vcproj", "{431E3F3F-7C4D-430A-B8F1-4F165DB64EDC}"
EndProject
Project("{8BC9CEB8-8B4A-11D0-8D11-00A0C91BC942}") = "ZLib", "..\Downloaded\FreeImage\Source\ZLib\ZLib.vcproj", "{33134F61-C1AD-4B6F-9CEA-503A9F140C52}"
EndProject
Project("{8BC9CEB8-8B4A-11D0-8D11-00A0C91BC942}") = "SSISsimulator", "SSISsimulator\SSISsimulator.vcproj", "{40307508-B66B-493E-B5FB-904400B4AFAD}"
	ProjectSection(ProjectDependencies) = postProject
		{9B5D3D4E-F023-458A-AE92-CD8A6C30C715} = {9B5D3D4E-F023-458A-AE92-CD8A6C30C715}
		{71894951-8BBE-4395-AE64-56F6966A7F82} = {71894951-8BBE-4395-AE64-56F6966A7F82}
		{B877E04A-B5B4-4FE0-8694-22A9EA985415} = {B877E04A-B5B4-4FE0-8694-22A9EA985415}
		{9E219DF2-315D-478E-8A07-8960C377CE1E} = {9E219DF2-315D-478E-8A07-8960C377CE1E}
	EndProjectSection
EndProject
Project("{8BC9CEB8-8B4A-11D0-8D11-00A0C91BC942}") = "FreeImageLib", "..\Downloaded\FreeImage\Source\FreeImageLib\FreeImageLib.vcproj", "{9E219DF2-315D-478E-8A07-8960C377CE1E}"
	ProjectSection(ProjectDependencies) = postProject
		{431E3F3F-7C4D-430A-B8F1-4F165DB64EDC} = {431E3F3F-7C4D-430A-B8F1-4F165DB64EDC}
		{912A2D43-35A3-4AF2-B2EB-0D81EFFDA6DC} = {912A2D43-35A3-4AF2-B2EB-0D81EFFDA6DC}
		{7DB10B50-CE00-4D7A-B322-6824F05D2FCB} = {7DB10B50-CE00-4D7A-B322-6824F05D2FCB}
		{5E1D4E5F-E10C-4BA3-B663-F33014FD21D9} = {5E1D4E5F-E10C-4BA3-B663-F33014FD21D9}
		{33134F61-C1AD-4B6F-9CEA-503A9F140C52} = {33134F61-C1AD-4B6F-9CEA-503A9F140C52}
	EndProjectSection
EndProject
Global
	GlobalSection(SolutionConfigurationPlatforms) = preSolution
		Debug|Win32 = Debug|Win32
		Release|Win32 = Release|Win32
		Unicode Debug|Win32 = Unicode Debug|Win32
		Unicode Release|Win32 = Unicode Release|Win32
	EndGlobalSection
	GlobalSection(ProjectConfigurationPlatforms) = postSolution
		{A948D64A-3EEB-4BE0-89CC-010528312DEF}.Debug|Win32.ActiveCfg = Debug|Win32
		{A948D64A-3EEB-4BE0-89CC-010528312DEF}.Debug|Win32.Build.0 = Debug|Win32
		{A948D64A-3EEB-4BE0-89CC-010528312DEF}.Release|Win32.ActiveCfg = Release|Win32
		{A948D64A-3EEB-4BE0-89CC-010528312DEF}.Release|Win32.Build.0 = Release|Win32
		{A948D64A-3EEB-4BE0-89CC-010528312DEF}.Unicode Debug|Win32.ActiveCfg = Debug|Win32
		{A948D64A-3EEB-4BE0-89CC-010528312DEF}.Unicode Debug|Win32.Build.0 = Debug|Win32
		{A948D64A-3EEB-4BE0-89CC-010528312DEF}.Unicode Release|Win32.ActiveCfg = Release|Win32
		{A948D64A-3EEB-4BE0-89CC-010528312DEF}.Unicode Release|Win32.Build.0 = Release|Win32
		{54B32276-0DC7-4577-9BC3-6869FB50BF3D}.Debug|Win32.ActiveCfg = Debug|Win32
		{54B32276-0DC7-4577-9BC3-6869FB50BF3D}.Debug|Win32.Build.0 = Debug|Win32
		{54B32276-0DC7-4577-9BC3-6869FB50BF3D}.Release|Win32.ActiveCfg = Release|Win32
		{54B32276-0DC7-4577-9BC3-6869FB50BF3D}.Release|Win32.Build.0 = Release|Win32
		{54B32276-0DC7-4577-9BC3-6869FB50BF3D}.Unicode Debug|Win32.ActiveCfg = Debug|Win32
		{54B32276-0DC7-4577-9BC3-6869FB50BF3D}.Unicode Debug|Win32.Build.0 = Debug|Win32
		{54B32276-0DC7-4577-9BC3-6869FB50BF3D}.Unicode Release|Win32.ActiveCfg = Release|Win32
		{54B32276-0DC7-4577-9BC3-6869FB50BF3D}.Unicode Release|Win32.Build.0 = Release|Win32
		{B86D110E-3AEB-46C1-91C7-91C0F6E775DA}.Debug|Win32.ActiveCfg = Debug|Win32
		{B86D110E-3AEB-46C1-91C7-91C0F6E775DA}.Debug|Win32.Build.0 = Debug|Win32
		{B86D110E-3AEB-46C1-91C7-91C0F6E775DA}.Release|Win32.ActiveCfg = Release|Win32
		{B86D110E-3AEB-46C1-91C7-91C0F6E775DA}.Release|Win32.Build.0 = Release|Win32
		{B86D110E-3AEB-46C1-91C7-91C0F6E775DA}.Unicode Debug|Win32.ActiveCfg = Debug|Win32
		{B86D110E-3AEB-46C1-91C7-91C0F6E775DA}.Unicode Debug|Win32.Build.0 = Debug|Win32
		{B86D110E-3AEB-46C1-91C7-91C0F6E775DA}.Unicode Release|Win32.ActiveCfg = Release|Win32
		{B86D110E-3AEB-46C1-91C7-91C0F6E775DA}.Unicode Release|Win32.Build.0 = Release|Win32
		{221EC1E3-C402-49C2-8ECE-B134FC000DFA}.Debug|Win32.ActiveCfg = Debug|Win32
		{221EC1E3-C402-49C2-8ECE-B134FC000DFA}.Debug|Win32.Build.0 = Debug|Win32
		{221EC1E3-C402-49C2-8ECE-B134FC000DFA}.Release|Win32.ActiveCfg = Release|Win32
		{221EC1E3-C402-49C2-8ECE-B134FC000DFA}.Release|Win32.Build.0 = Release|Win32
		{221EC1E3-C402-49C2-8ECE-B134FC000DFA}.Unicode Debug|Win32.ActiveCfg = Debug|Win32
		{221EC1E3-C402-49C2-8ECE-B134FC000DFA}.Unicode Debug|Win32.Build.0 = Debug|Win32
		{221EC1E3-C402-49C2-8ECE-B134FC000DFA}.Unicode Release|Win32.ActiveCfg = Release|Win32
		{221EC1E3-C402-49C2-8ECE-B134FC000DFA}.Unicode Release|Win32.Build.0 = Release|Win32
		{7D694236-7686-4BB0-997F-AFB88F354776}.Debug|Win32.ActiveCfg = Debug|Win32
		{7D694236-7686-4BB0-997F-AFB88F354776}.Debug|Win32.Build.0 = Debug|Win32
		{7D694236-7686-4BB0-997F-AFB88F354776}.Release|Win32.ActiveCfg = Release|Win32
		{7D694236-7686-4BB0-997F-AFB88F354776}.Release|Win32.Build.0 = Release|Win32
		{7D694236-7686-4BB0-997F-AFB88F354776}.Unicode Debug|Win32.ActiveCfg = Debug|Win32
		{7D694236-7686-4BB0-997F-AFB88F354776}.Unicode Debug|Win32.Build.0 = Debug|Win32
		{7D694236-7686-4BB0-997F-AFB88F354776}.Unicode Release|Win32.ActiveCfg = Release|Win32
		{7D694236-7686-4BB0-997F-AFB88F354776}.Unicode Release|Win32.Build.0 = Release|Win32
		{A4757ED4-A8EE-4602-B6B3-BD8B34CBE476}.Debug|Win32.ActiveCfg = Debug|Win32
		{A4757ED4-A8EE-4602-B6B3-BD8B34CBE476}.Debug|Win32.Build.0 = Debug|Win32
		{A4757ED4-A8EE-4602-B6B3-BD8B34CBE476}.Release|Win32.ActiveCfg = Release|Win32
		{A4757ED4-A8EE-4602-B6B3-BD8B34CBE476}.Release|Win32.Build.0 = Release|Win32
		{A4757ED4-A8EE-4602-B6B3-BD8B34CBE476}.Unicode Debug|Win32.ActiveCfg = Debug|Win32
		{A4757ED4-A8EE-4602-B6B3-BD8B34CBE476}.Unicode Debug|Win32.Build.0 = Debug|Win32
		{A4757ED4-A8EE-4602-B6B3-BD8B34CBE476}.Unicode Release|Win32.ActiveCfg = Release|Win32
		{A4757ED4-A8EE-4602-B6B3-BD8B34CBE476}.Unicode Release|Win32.Build.0 = Release|Win32
		{99A9F2D2-A043-4090-B98F-F50392EB6238}.Debug|Win32.ActiveCfg = Debug|Win32
		{99A9F2D2-A043-4090-B98F-F50392EB6238}.Debug|Win32.Build.0 = Debug|Win32
		{99A9F2D2-A043-4090-B98F-F50392EB6238}.Release|Win32.ActiveCfg = Release|Win32
		{99A9F2D2-A043-4090-B98F-F50392EB6238}.Release|Win32.Build.0 = Release|Win32
		{99A9F2D2-A043-4090-B98F-F50392EB6238}.Unicode Debug|Win32.ActiveCfg = Debug|Win32
		{99A9F2D2-A043-4090-B98F-F50392EB6238}.Unicode Debug|Win32.Build.0 = Debug|Win32
		{99A9F2D2-A043-4090-B98F-F50392EB6238}.Unicode Release|Win32.ActiveCfg = Release|Win32
		{99A9F2D2-A043-4090-B98F-F50392EB6238}.Unicode Release|Win32.Build.0 = Release|Win32
		{91C70CA6-1042-4732-8F87-D656D330D0A0}.Debug|Win32.ActiveCfg = Debug|Win32
		{91C70CA6-1042-4732-8F87-D656D330D0A0}.Debug|Win32.Build.0 = Debug|Win32
		{91C70CA6-1042-4732-8F87-D656D330D0A0}.Release|Win32.ActiveCfg = Release|Win32
		{91C70CA6-1042-4732-8F87-D656D330D0A0}.Release|Win32.Build.0 = Release|Win32
		{91C70CA6-1042-4732-8F87-D656D330D0A0}.Unicode Debug|Win32.ActiveCfg = Debug|Win32
		{91C70CA6-1042-4732-8F87-D656D330D0A0}.Unicode Debug|Win32.Build.0 = Debug|Win32
		{91C70CA6-1042-4732-8F87-D656D330D0A0}.Unicode Release|Win32.ActiveCfg = Release|Win32
		{91C70CA6-1042-4732-8F87-D656D330D0A0}.Unicode Release|Win32.Build.0 = Release|Win32
		{D7A0C88B-1024-4047-9146-AD7505536AC8}.Debug|Win32.ActiveCfg = Debug|Win32
		{D7A0C88B-1024-4047-9146-AD7505536AC8}.Debug|Win32.Build.0 = Debug|Win32
		{D7A0C88B-1024-4047-9146-AD7505536AC8}.Release|Win32.ActiveCfg = Release|Win32
		{D7A0C88B-1024-4047-9146-AD7505536AC8}.Release|Win32.Build.0 = Release|Win32
		{D7A0C88B-1024-4047-9146-AD7505536AC8}.Unicode Debug|Win32.ActiveCfg = Debug|Win32
		{D7A0C88B-1024-4047-9146-AD7505536AC8}.Unicode Debug|Win32.Build.0 = Debug|Win32
		{D7A0C88B-1024-4047-9146-AD7505536AC8}.Unicode Release|Win32.ActiveCfg = Release|Win32
		{D7A0C88B-1024-4047-9146-AD7505536AC8}.Unicode Release|Win32.Build.0 = Release|Win32
		{78E8FC5F-B821-44B8-ACA7-103A1FA4029F}.Debug|Win32.ActiveCfg = Debug|Win32
		{78E8FC5F-B821-44B8-ACA7-103A1FA4029F}.Debug|Win32.Build.0 = Debug|Win32
		{78E8FC5F-B821-44B8-ACA7-103A1FA4029F}.Release|Win32.ActiveCfg = Release|Win32
		{78E8FC5F-B821-44B8-ACA7-103A1FA4029F}.Release|Win32.Build.0 = Release|Win32
		{78E8FC5F-B821-44B8-ACA7-103A1FA4029F}.Unicode Debug|Win32.ActiveCfg = Debug|Win32
		{78E8FC5F-B821-44B8-ACA7-103A1FA4029F}.Unicode Debug|Win32.Build.0 = Debug|Win32
		{78E8FC5F-B821-44B8-ACA7-103A1FA4029F}.Unicode Release|Win32.ActiveCfg = Release|Win32
		{78E8FC5F-B821-44B8-ACA7-103A1FA4029F}.Unicode Release|Win32.Build.0 = Release|Win32
		{B11701AB-AB4A-4117-9B32-15351A8444E8}.Debug|Win32.ActiveCfg = Debug|Win32
		{B11701AB-AB4A-4117-9B32-15351A8444E8}.Debug|Win32.Build.0 = Debug|Win32
		{B11701AB-AB4A-4117-9B32-15351A8444E8}.Release|Win32.ActiveCfg = Release|Win32
		{B11701AB-AB4A-4117-9B32-15351A8444E8}.Release|Win32.Build.0 = Release|Win32
		{B11701AB-AB4A-4117-9B32-15351A8444E8}.Unicode Debug|Win32.ActiveCfg = Debug|Win32
		{B11701AB-AB4A-4117-9B32-15351A8444E8}.Unicode Debug|Win32.Build.0 = Debug|Win32
		{B11701AB-AB4A-4117-9B32-15351A8444E8}.Unicode Release|Win32.ActiveCfg = Release|Win32
		{B11701AB-AB4A-4117-9B32-15351A8444E8}.Unicode Release|Win32.Build.0 = Release|Win32
		{59929F9C-91B2-4FDD-A245-BEB9E5490882}.Debug|Win32.ActiveCfg = Debug|Win32
		{59929F9C-91B2-4FDD-A245-BEB9E5490882}.Debug|Win32.Build.0 = Debug|Win32
		{59929F9C-91B2-4FDD-A245-BEB9E5490882}.Release|Win32.ActiveCfg = Release|Win32
		{59929F9C-91B2-4FDD-A245-BEB9E5490882}.Release|Win32.Build.0 = Release|Win32
		{59929F9C-91B2-4FDD-A245-BEB9E5490882}.Unicode Debug|Win32.ActiveCfg = Debug|Win32
		{59929F9C-91B2-4FDD-A245-BEB9E5490882}.Unicode Debug|Win32.Build.0 = Debug|Win32
		{59929F9C-91B2-4FDD-A245-BEB9E5490882}.Unicode Release|Win32.ActiveCfg = Release|Win32
		{59929F9C-91B2-4FDD-A245-BEB9E5490882}.Unicode Release|Win32.Build.0 = Release|Win32
		{9B5D3D4E-F023-458A-AE92-CD8A6C30C715}.Debug|Win32.ActiveCfg = Debug|Win32
		{9B5D3D4E-F023-458A-AE92-CD8A6C30C715}.Debug|Win32.Build.0 = Debug|Win32
		{9B5D3D4E-F023-458A-AE92-CD8A6C30C715}.Release|Win32.ActiveCfg = Release|Win32
		{9B5D3D4E-F023-458A-AE92-CD8A6C30C715}.Release|Win32.Build.0 = Release|Win32
		{9B5D3D4E-F023-458A-AE92-CD8A6C30C715}.Unicode Debug|Win32.ActiveCfg = Debug|Win32
		{9B5D3D4E-F023-458A-AE92-CD8A6C30C715}.Unicode Debug|Win32.Build.0 = Debug|Win32
		{9B5D3D4E-F023-458A-AE92-CD8A6C30C715}.Unicode Release|Win32.ActiveCfg = Release|Win32
		{9B5D3D4E-F023-458A-AE92-CD8A6C30C715}.Unicode Release|Win32.Build.0 = Release|Win32
		{71894951-8BBE-4395-AE64-56F6966A7F82}.Debug|Win32.ActiveCfg = Debug|Win32
		{71894951-8BBE-4395-AE64-56F6966A7F82}.Debug|Win32.Build.0 = Debug|Win32
		{71894951-8BBE-4395-AE64-56F6966A7F82}.Release|Win32.ActiveCfg = Release|Win32
		{71894951-8BBE-4395-AE64-56F6966A7F82}.Release|Win32.Build.0 = Release|Win32
		{71894951-8BBE-4395-AE64-56F6966A7F82}.Unicode Debug|Win32.ActiveCfg = Debug|Win32
		{71894951-8BBE-4395-AE64-56F6966A7F82}.Unicode Debug|Win32.Build.0 = Debug|Win32
		{71894951-8BBE-4395-AE64-56F6966A7F82}.Unicode Release|Win32.ActiveCfg = Release|Win32
		{71894951-8BBE-4395-AE64-56F6966A7F82}.Unicode Release|Win32.Build.0 = Release|Win32
		{B877E04A-B5B4-4FE0-8694-22A9EA985415}.Debug|Win32.ActiveCfg = Debug|Win32
		{B877E04A-B5B4-4FE0-8694-22A9EA985415}.Debug|Win32.Build.0 = Debug|Win32
		{B877E04A-B5B4-4FE0-8694-22A9EA985415}.Release|Win32.ActiveCfg = Release|Win32
		{B877E04A-B5B4-4FE0-8694-22A9EA985415}.Release|Win32.Build.0 = Release|Win32
		{B877E04A-B5B4-4FE0-8694-22A9EA985415}.Unicode Debug|Win32.ActiveCfg = Debug|Win32
		{B877E04A-B5B4-4FE0-8694-22A9EA985415}.Unicode Debug|Win32.Build.0 = Debug|Win32
		{B877E04A-B5B4-4FE0-8694-22A9EA985415}.Unicode Release|Win32.ActiveCfg = Release|Win32
		{B877E04A-B5B4-4FE0-8694-22A9EA985415}.Unicode Release|Win32.Build.0 = Release|Win32
		{6F1A4B11-07E1-48B2-8D13-82FC02B70AE0}.Debug|Win32.ActiveCfg = Debug|Win32
		{6F1A4B11-07E1-48B2-8D13-82FC02B70AE0}.Debug|Win32.Build.0 = Debug|Win32
		{6F1A4B11-07E1-48B2-8D13-82FC02B70AE0}.Release|Win32.ActiveCfg = Release|Win32
		{6F1A4B11-07E1-48B2-8D13-82FC02B70AE0}.Release|Win32.Build.0 = Release|Win32
		{6F1A4B11-07E1-48B2-8D13-82FC02B70AE0}.Unicode Debug|Win32.ActiveCfg = Debug|Win32
		{6F1A4B11-07E1-48B2-8D13-82FC02B70AE0}.Unicode Debug|Win32.Build.0 = Debug|Win32
		{6F1A4B11-07E1-48B2-8D13-82FC02B70AE0}.Unicode Release|Win32.ActiveCfg = Release|Win32
		{6F1A4B11-07E1-48B2-8D13-82FC02B70AE0}.Unicode Release|Win32.Build.0 = Release|Win32
		{108AF857-D5F6-475F-BA02-5EA3BB2DEE7A}.Debug|Win32.ActiveCfg = Debug|Win32
		{108AF857-D5F6-475F-BA02-5EA3BB2DEE7A}.Debug|Win32.Build.0 = Debug|Win32
		{108AF857-D5F6-475F-BA02-5EA3BB2DEE7A}.Release|Win32.ActiveCfg = Release|Win32
		{108AF857-D5F6-475F-BA02-5EA3BB2DEE7A}.Release|Win32.Build.0 = Release|Win32
		{108AF857-D5F6-475F-BA02-5EA3BB2DEE7A}.Unicode Debug|Win32.ActiveCfg = Debug|Win32
		{108AF857-D5F6-475F-BA02-5EA3BB2DEE7A}.Unicode Debug|Win32.Build.0 = Debug|Win32
		{108AF857-D5F6-475F-BA02-5EA3BB2DEE7A}.Unicode Release|Win32.ActiveCfg = Release|Win32
		{108AF857-D5F6-475F-BA02-5EA3BB2DEE7A}.Unicode Release|Win32.Build.0 = Release|Win32
		{5E1D4E5F-E10C-4BA3-B663-F33014FD21D9}.Debug|Win32.ActiveCfg = Debug|Win32
		{5E1D4E5F-E10C-4BA3-B663-F33014FD21D9}.Debug|Win32.Build.0 = Debug|Win32
		{5E1D4E5F-E10C-4BA3-B663-F33014FD21D9}.Release|Win32.ActiveCfg = Release|Win32
		{5E1D4E5F-E10C-4BA3-B663-F33014FD21D9}.Release|Win32.Build.0 = Release|Win32
		{5E1D4E5F-E10C-4BA3-B663-F33014FD21D9}.Unicode Debug|Win32.ActiveCfg = Debug|Win32
		{5E1D4E5F-E10C-4BA3-B663-F33014FD21D9}.Unicode Debug|Win32.Build.0 = Debug|Win32
		{5E1D4E5F-E10C-4BA3-B663-F33014FD21D9}.Unicode Release|Win32.ActiveCfg = Release|Win32
		{5E1D4E5F-E10C-4BA3-B663-F33014FD21D9}.Unicode Release|Win32.Build.0 = Release|Win32
		{912A2D43-35A3-4AF2-B2EB-0D81EFFDA6DC}.Debug|Win32.ActiveCfg = Debug|Win32
		{912A2D43-35A3-4AF2-B2EB-0D81EFFDA6DC}.Debug|Win32.Build.0 = Debug|Win32
		{912A2D43-35A3-4AF2-B2EB-0D81EFFDA6DC}.Release|Win32.ActiveCfg = Release|Win32
		{912A2D43-35A3-4AF2-B2EB-0D81EFFDA6DC}.Release|Win32.Build.0 = Release|Win32
		{912A2D43-35A3-4AF2-B2EB-0D81EFFDA6DC}.Unicode Debug|Win32.ActiveCfg = Debug|Win32
		{912A2D43-35A3-4AF2-B2EB-0D81EFFDA6DC}.Unicode Debug|Win32.Build.0 = Debug|Win32
		{912A2D43-35A3-4AF2-B2EB-0D81EFFDA6DC}.Unicode Release|Win32.ActiveCfg = Release|Win32
		{912A2D43-35A3-4AF2-B2EB-0D81EFFDA6DC}.Unicode Release|Win32.Build.0 = Release|Win32
		{7DB10B50-CE00-4D7A-B322-6824F05D2FCB}.Debug|Win32.ActiveCfg = Debug|Win32
		{7DB10B50-CE00-4D7A-B322-6824F05D2FCB}.Debug|Win32.Build.0 = Debug|Win32
		{7DB10B50-CE00-4D7A-B322-6824F05D2FCB}.Release|Win32.ActiveCfg = Release|Win32
		{7DB10B50-CE00-4D7A-B322-6824F05D2FCB}.Release|Win32.Build.0 = Release|Win32
		{7DB10B50-CE00-4D7A-B322-6824F05D2FCB}.Unicode Debug|Win32.ActiveCfg = Debug|Win32
		{7DB10B50-CE00-4D7A-B322-6824F05D2FCB}.Unicode Debug|Win32.Build.0 = Debug|Win32
		{7DB10B50-CE00-4D7A-B322-6824F05D2FCB}.Unicode Release|Win32.ActiveCfg = Release|Win32
		{7DB10B50-CE00-4D7A-B322-6824F05D2FCB}.Unicode Release|Win32.Build.0 = Release|Win32
		{431E3F3F-7C4D-430A-B8F1-4F165DB64EDC}.Debug|Win32.ActiveCfg = Debug|Win32
		{431E3F3F-7C4D-430A-B8F1-4F165DB64EDC}.Debug|Win32.Build.0 = Debug|Win32
		{431E3F3F-7C4D-430A-B8F1-4F165DB64EDC}.Release|Win32.ActiveCfg = Release|Win32
		{431E3F3F-7C4D-430A-B8F1-4F165DB64EDC}.Release|Win32.Build.0 = Release|Win32
		{431E3F3F-7C4D-430A-B8F1-4F165DB64EDC}.Unicode Debug|Win32.ActiveCfg = Debug|Win32
		{431E3F3F-7C4D-430A-B8F1-4F165DB64EDC}.Unicode Debug|Win32.Build.0 = Debug|Win32
		{431E3F3F-7C4D-430A-B8F1-4F165DB64EDC}.Unicode Release|Win32.ActiveCfg = Release|Win32
		{431E3F3F-7C4D-430A-B8F1-4F165DB64EDC}.Unicode Release|Win32.Build.0 = Release|Win32
		{33134F61-C1AD-4B6F-9CEA-503A9F140C52}.Debug|Win32.ActiveCfg = Debug|Win32
		{33134F61-C1AD-4B6F-9CEA-503A9F140C52}.Debug|Win32.Build.0 = Debug|Win32
		{33134F61-C1AD-4B6F-9CEA-503A9F140C52}.Release|Win32.ActiveCfg = Release|Win32
		{33134F61-C1AD-4B6F-9CEA-503A9F140C52}.Release|Win32.Build.0 = Release|Win32
		{33134F61-C1AD-4B6F-9CEA-503A9F140C52}.Unicode Debug|Win32.ActiveCfg = Debug|Win32
		{33134F61-C1AD-4B6F-9CEA-503A9F140C52}.Unicode Debug|Win32.Build.0 = Debug|Win32
		{33134F61-C1AD-4B6F-9CEA-503A9F140C52}.Unicode Release|Win32.ActiveCfg = Release|Win32
		{33134F61-C1AD-4B6F-9CEA-503A9F140C52}.Unicode Release|Win32.Build.0 = Release|Win32
		{40307508-B66B-493E-B5FB-904400B4AFAD}.Debug|Win32.ActiveCfg = Debug|Win32
		{40307508-B66B-493E-B5FB-904400B4AFAD}.Debug|Win32.Build.0 = Debug|Win32
		{40307508-B66B-493E-B5FB-904400B4AFAD}.Release|Win32.ActiveCfg = Release|Win32
		{40307508-B66B-493E-B5FB-904400B4AFAD}.Release|Win32.Build.0 = Release|Win32
		{40307508-B66B-493E-B5FB-904400B4AFAD}.Unicode Debug|Win32.ActiveCfg = Debug|Win32
		{40307508-B66B-493E-B5FB-904400B4AFAD}.Unicode Debug|Win32.Build.0 = Debug|Win32
		{40307508-B66B-493E-B5FB-904400B4AFAD}.Unicode Release|Win32.ActiveCfg = Release|Win32
		{40307508-B66B-493E-B5FB-904400B4AFAD}.Unicode Release|Win32.Build.0 = Release|Win32
		{9E219DF2-315D-478E-8A07-8960C377CE1E}.Debug|Win32.ActiveCfg = Debug|Win32
		{9E219DF2-315D-478E-8A07-8960C377CE1E}.Debug|Win32.Build.0 = Debug|Win32
		{9E219DF2-315D-478E-8A07-8960C377CE1E}.Release|Win32.ActiveCfg = Release|Win32
		{9E219DF2-315D-478E-8A07-8960C377CE1E}.Release|Win32.Build.0 = Release|Win32
		{9E219DF2-315D-478E-8A07-8960C377CE1E}.Unicode Debug|Win32.ActiveCfg = Debug|Win32
		{9E219DF2-315D-478E-8A07-8960C377CE1E}.Unicode Debug|Win32.Build.0 = Debug|Win32
		{9E219DF2-315D-478E-8A07-8960C377CE1E}.Unicode Release|Win32.ActiveCfg = Release|Win32
		{9E219DF2-315D-478E-8A07-8960C377CE1E}.Unicode Release|Win32.Build.0 = Release|Win32
	EndGlobalSection
	GlobalSection(SolutionProperties) = preSolution
		HideSolutionNode = FALSE
	EndGlobalSection
	GlobalSection(NestedProjects) = preSolution
		{71894951-8BBE-4395-AE64-56F6966A7F82} = {E3D21F9E-AF00-4BEA-9C3D-0D05980C5664}
		{B877E04A-B5B4-4FE0-8694-22A9EA985415} = {E3D21F9E-AF00-4BEA-9C3D-0D05980C5664}
		{6F1A4B11-07E1-48B2-8D13-82FC02B70AE0} = {E3D21F9E-AF00-4BEA-9C3D-0D05980C5664}
		{9B5D3D4E-F023-458A-AE92-CD8A6C30C715} = {E3D21F9E-AF00-4BEA-9C3D-0D05980C5664}
		{5E1D4E5F-E10C-4BA3-B663-F33014FD21D9} = {B01705AB-3C99-47B6-B8F7-B6BD95D943E5}
		{912A2D43-35A3-4AF2-B2EB-0D81EFFDA6DC} = {B01705AB-3C99-47B6-B8F7-B6BD95D943E5}
		{7DB10B50-CE00-4D7A-B322-6824F05D2FCB} = {B01705AB-3C99-47B6-B8F7-B6BD95D943E5}
		{431E3F3F-7C4D-430A-B8F1-4F165DB64EDC} = {B01705AB-3C99-47B6-B8F7-B6BD95D943E5}
		{33134F61-C1AD-4B6F-9CEA-503A9F140C52} = {B01705AB-3C99-47B6-B8F7-B6BD95D943E5}
		{9E219DF2-315D-478E-8A07-8960C377CE1E} = {B01705AB-3C99-47B6-B8F7-B6BD95D943E5}
	EndGlobalSection
EndGlobal
