
Microsoft Visual Studio Solution File, Format Version 12.00
# Visual Studio 2013
VisualStudioVersion = 12.0.21005.1
MinimumVisualStudioVersion = 10.0.40219.1
Project("{F184B08F-C81C-45F6-A57F-5ABD9991F28F}") = "SimCommSysAddIn", "SimCommSysAddIn\SimCommSysAddIn.vbproj", "{7D6C504F-8F1E-4338-9442-B0561BC1F5AA}"
EndProject
Global
	GlobalSection(SubversionScc) = preSolution
		Svn-Managed = True
		Manager = AnkhSVN - Subversion Support for Visual Studio
	EndGlobalSection
	GlobalSection(SolutionConfigurationPlatforms) = preSolution
		Debug|Any CPU = Debug|Any CPU
		Release|Any CPU = Release|Any CPU
	EndGlobalSection
	GlobalSection(ProjectConfigurationPlatforms) = postSolution
		{7D6C504F-8F1E-4338-9442-B0561BC1F5AA}.Debug|Any CPU.ActiveCfg = Debug|Any CPU
		{7D6C504F-8F1E-4338-9442-B0561BC1F5AA}.Debug|Any CPU.Build.0 = Debug|Any CPU
		{7D6C504F-8F1E-4338-9442-B0561BC1F5AA}.Release|Any CPU.ActiveCfg = Release|Any CPU
		{7D6C504F-8F1E-4338-9442-B0561BC1F5AA}.Release|Any CPU.Build.0 = Release|Any CPU
	EndGlobalSection
	GlobalSection(SolutionProperties) = preSolution
		HideSolutionNode = FALSE
	EndGlobalSection
EndGlobal
