<?xml version="1.0" encoding="utf-8"?>
<Project ToolsVersion="4.0" xmlns="http://schemas.microsoft.com/developer/msbuild/2003">
  <ItemGroup>
    <Filter Include="Source Files">
      <UniqueIdentifier>{5f31bd94-6215-4bb6-a498-64deb2953848}</UniqueIdentifier>
      <Extensions>cpp;c;cxx;rc;def;r;odl;idl;hpj;bat</Extensions>
    </Filter>
    <Filter Include="Header Files">
      <UniqueIdentifier>{c308d043-0a0d-49a5-b116-ae9b94020ff3}</UniqueIdentifier>
      <Extensions>h;hpp;hxx;hm;inl</Extensions>
    </Filter>
  </ItemGroup>
  <ItemGroup>
    <ClCompile Include="assertalways.cpp">
      <Filter>Source Files</Filter>
    </ClCompile>
    <ClCompile Include="bitfield.cpp">
      <Filter>Source Files</Filter>
    </ClCompile>
    <ClCompile Include="bstream.cpp">
      <Filter>Source Files</Filter>
    </ClCompile>
    <ClCompile Include="crypto\ciphertext.cpp">
      <Filter>Source Files</Filter>
    </ClCompile>
    <ClCompile Include="cmpi.cpp">
      <Filter>Source Files</Filter>
    </ClCompile>
    <ClCompile Include="config.cpp">
      <Filter>Source Files</Filter>
    </ClCompile>
    <ClCompile Include="crypto\elgamal.cpp">
      <Filter>Source Files</Filter>
    </ClCompile>
    <ClCompile Include="crypto\equalitydisclog_zpschnorr.cpp">
      <Filter>Source Files</Filter>
    </ClCompile>
    <ClCompile Include="fastsecant.cpp">
      <Filter>Source Files</Filter>
    </ClCompile>
    <ClCompile Include="fbstream.cpp">
      <Filter>Source Files</Filter>
    </ClCompile>
    <ClCompile Include="gf.cpp">
      <Filter>Source Files</Filter>
    </ClCompile>
    <ClCompile Include="gf_fast.cpp">
      <Filter>Source Files</Filter>
    </ClCompile>
    <ClCompile Include="math\gmp_bigint.cpp">
      <Filter>Source Files</Filter>
    </ClCompile>
    <ClCompile Include="crypto\group.cpp">
      <Filter>Source Files</Filter>
    </ClCompile>
    <ClCompile Include="histogram.cpp">
      <Filter>Source Files</Filter>
    </ClCompile>
    <ClCompile Include="itfunc.cpp">
      <Filter>Source Files</Filter>
    </ClCompile>
    <ClCompile Include="crypto\keygenerator.cpp">
      <Filter>Source Files</Filter>
    </ClCompile>
    <ClCompile Include="crypto\keypair.cpp">
      <Filter>Source Files</Filter>
    </ClCompile>
    <ClCompile Include="crypto\knowdisclog_zpschnorr.cpp">
      <Filter>Source Files</Filter>
    </ClCompile>
    <ClCompile Include="linear_code_utils.cpp">
      <Filter>Source Files</Filter>
    </ClCompile>
    <ClCompile Include="logreal.cpp">
      <Filter>Source Files</Filter>
    </ClCompile>
    <ClCompile Include="logrealfast.cpp">
      <Filter>Source Files</Filter>
    </ClCompile>
    <ClCompile Include="masterslave.cpp">
      <Filter>Source Files</Filter>
    </ClCompile>
    <ClCompile Include="mpgnu.cpp">
      <Filter>Source Files</Filter>
    </ClCompile>
    <ClCompile Include="mpreal.cpp">
      <Filter>Source Files</Filter>
    </ClCompile>
    <ClCompile Include="pacifier.cpp">
      <Filter>Source Files</Filter>
    </ClCompile>
    <ClCompile Include="randgen.cpp">
      <Filter>Source Files</Filter>
    </ClCompile>
    <ClCompile Include="random.cpp">
      <Filter>Source Files</Filter>
    </ClCompile>
    <ClCompile Include="randperm.cpp">
      <Filter>Source Files</Filter>
    </ClCompile>
    <ClCompile Include="secant.cpp">
      <Filter>Source Files</Filter>
    </ClCompile>
    <ClCompile Include="serializer.cpp">
      <Filter>Source Files</Filter>
    </ClCompile>
    <ClCompile Include="socket.cpp">
      <Filter>Source Files</Filter>
    </ClCompile>
    <ClCompile Include="sparse.cpp">
      <Filter>Source Files</Filter>
    </ClCompile>
    <ClCompile Include="timer.cpp">
      <Filter>Source Files</Filter>
    </ClCompile>
    <ClCompile Include="truerand.cpp">
      <Filter>Source Files</Filter>
    </ClCompile>
    <ClCompile Include="vector.cpp">
      <Filter>Source Files</Filter>
    </ClCompile>
  </ItemGroup>
  <ItemGroup>
    <ClInclude Include="aligned_allocator.h">
      <Filter>Header Files</Filter>
    </ClInclude>
    <ClInclude Include="assertalways.h">
      <Filter>Header Files</Filter>
    </ClInclude>
    <ClInclude Include="bitfield.h">
      <Filter>Header Files</Filter>
    </ClInclude>
    <ClInclude Include="bstream.h">
      <Filter>Header Files</Filter>
    </ClInclude>
    <ClInclude Include="crypto\ciphertext.h">
      <Filter>Header Files</Filter>
    </ClInclude>
    <ClInclude Include="cmpi.h">
      <Filter>Header Files</Filter>
    </ClInclude>
    <ClInclude Include="config.h">
      <Filter>Header Files</Filter>
    </ClInclude>
    <ClInclude Include="cputimer.h">
      <Filter>Header Files</Filter>
    </ClInclude>
    <ClInclude Include="cuda-all.h">
      <Filter>Header Files</Filter>
    </ClInclude>
    <ClInclude Include="crypto\elgamal.h">
      <Filter>Header Files</Filter>
    </ClInclude>
    <ClInclude Include="crypto\equalitydisclog_zpschnorr.h">
      <Filter>Header Files</Filter>
    </ClInclude>
    <ClInclude Include="event_timer.h">
      <Filter>Header Files</Filter>
    </ClInclude>
    <ClInclude Include="fastsecant.h">
      <Filter>Header Files</Filter>
    </ClInclude>
    <ClInclude Include="fbstream.h">
      <Filter>Header Files</Filter>
    </ClInclude>
    <ClInclude Include="functor.h">
      <Filter>Header Files</Filter>
    </ClInclude>
    <ClInclude Include="gf.h">
      <Filter>Header Files</Filter>
    </ClInclude>
    <ClInclude Include="gf_fast.h">
      <Filter>Header Files</Filter>
    </ClInclude>
    <ClInclude Include="math\gmp_bigint.h">
      <Filter>Header Files</Filter>
    </ClInclude>
    <ClInclude Include="crypto\group.h">
      <Filter>Header Files</Filter>
    </ClInclude>
    <ClInclude Include="hamming.h">
      <Filter>Header Files</Filter>
    </ClInclude>
    <ClInclude Include="histogram.h">
      <Filter>Header Files</Filter>
    </ClInclude>
    <ClInclude Include="itfunc.h">
      <Filter>Header Files</Filter>
    </ClInclude>
    <ClInclude Include="crypto\keygenerator.h">
      <Filter>Header Files</Filter>
    </ClInclude>
    <ClInclude Include="crypto\keypair.h">
      <Filter>Header Files</Filter>
    </ClInclude>
    <ClInclude Include="crypto\knowdisclog_zpschnorr.h">
      <Filter>Header Files</Filter>
    </ClInclude>
    <ClInclude Include="levenshtein.h">
      <Filter>Header Files</Filter>
    </ClInclude>
    <ClInclude Include="linear_code_utils.h">
      <Filter>Header Files</Filter>
    </ClInclude>
    <ClInclude Include="logreal.h">
      <Filter>Header Files</Filter>
    </ClInclude>
    <ClInclude Include="logrealfast.h">
      <Filter>Header Files</Filter>
    </ClInclude>
    <ClInclude Include="masterslave.h">
      <Filter>Header Files</Filter>
    </ClInclude>
    <ClInclude Include="matrix.h">
      <Filter>Header Files</Filter>
    </ClInclude>
    <ClInclude Include="matrix3.h">
      <Filter>Header Files</Filter>
    </ClInclude>
    <ClInclude Include="mpgnu.h">
      <Filter>Header Files</Filter>
    </ClInclude>
    <ClInclude Include="mpreal.h">
      <Filter>Header Files</Filter>
    </ClInclude>
    <ClInclude Include="multi_array.h">
      <Filter>Header Files</Filter>
    </ClInclude>
    <ClInclude Include="pacifier.h">
      <Filter>Header Files</Filter>
    </ClInclude>
    <ClInclude Include="randgen.h">
      <Filter>Header Files</Filter>
    </ClInclude>
    <ClInclude Include="random.h">
      <Filter>Header Files</Filter>
    </ClInclude>
    <ClInclude Include="randperm.h">
      <Filter>Header Files</Filter>
    </ClInclude>
    <ClInclude Include="rvstatistics.h">
      <Filter>Header Files</Filter>
    </ClInclude>
    <ClInclude Include="secant.h">
      <Filter>Header Files</Filter>
    </ClInclude>
    <ClInclude Include="serializer.h">
      <Filter>Header Files</Filter>
    </ClInclude>
    <ClInclude Include="size.h">
      <Filter>Header Files</Filter>
    </ClInclude>
    <ClInclude Include="socket.h">
      <Filter>Header Files</Filter>
    </ClInclude>
    <ClInclude Include="sparse.h">
      <Filter>Header Files</Filter>
    </ClInclude>
    <ClInclude Include="symbol.h">
      <Filter>Header Files</Filter>
    </ClInclude>
    <ClInclude Include="sysvar.h">
      <Filter>Header Files</Filter>
    </ClInclude>
    <ClInclude Include="timer.h">
      <Filter>Header Files</Filter>
    </ClInclude>
    <ClInclude Include="truerand.h">
      <Filter>Header Files</Filter>
    </ClInclude>
    <ClInclude Include="vector.h">
      <Filter>Header Files</Filter>
    </ClInclude>
    <ClInclude Include="vectorutils.h">
      <Filter>Header Files</Filter>
    </ClInclude>
    <ClInclude Include="walltimer.h">
      <Filter>Header Files</Filter>
    </ClInclude>
    <ClInclude Include="cuda\sharedmem.h">
      <Filter>Header Files</Filter>
    </ClInclude>
    <ClInclude Include="cuda\matrix.h">
      <Filter>Header Files</Filter>
    </ClInclude>
    <ClInclude Include="cuda\vector.h">
      <Filter>Header Files</Filter>
    </ClInclude>
    <ClInclude Include="cuda\util.h">
      <Filter>Header Files</Filter>
    </ClInclude>
    <ClInclude Include="cuda\cuda_assert.h">
      <Filter>Header Files</Filter>
    </ClInclude>
    <ClInclude Include="cuda\value.h">
      <Filter>Header Files</Filter>
    </ClInclude>
    <ClInclude Include="cuda\gputimer.h">
      <Filter>Header Files</Filter>
    </ClInclude>
    <ClInclude Include="cuda\stream.h">
      <Filter>Header Files</Filter>
    </ClInclude>
    <ClInclude Include="cuda\alloc.h">
      <Filter>Header Files</Filter>
    </ClInclude>
    <ClInclude Include="erasable.h">
      <Filter>Header Files</Filter>
    </ClInclude>
    <ClInclude Include="offset_vector.h">
      <Filter>Header Files</Filter>
    </ClInclude>
    <ClInclude Include="vector_itfunc.h">
      <Filter>Header Files</Filter>
    </ClInclude>
  </ItemGroup>
</Project>