
Microsoft Visual Studio Solution File, Format Version 9.00
# Visual Studio 2005
Project("{8BC9CEB8-8B4A-11D0-8D11-00A0C91BC942}") = "AnalyseInterleaver", "AnalyseInterleaver\AnalyseInterleaver.vcproj", "{33AF05B0-BD59-4695-B1E0-DD22A2A826A9}"
	ProjectSection(ProjectDependencies) = postProject
		{71894951-8BBE-4395-AE64-56F6966A7F82} = {71894951-8BBE-4395-AE64-56F6966A7F82}
		{9B5D3D4E-F023-458A-AE92-CD8A6C30C715} = {9B5D3D4E-F023-458A-AE92-CD8A6C30C715}
		{6F1A4B11-07E1-48B2-8D13-82FC02B70AE0} = {6F1A4B11-07E1-48B2-8D13-82FC02B70AE0}
	EndProjectSection
EndProject
Project("{8BC9CEB8-8B4A-11D0-8D11-00A0C91BC942}") = "AnnealInterleaver", "AnnealInterleaver\AnnealInterleaver.vcproj", "{B3B60BCE-5D9E-4F1F-B5B0-254B96A1707D}"
	ProjectSection(ProjectDependencies) = postProject
		{71894951-8BBE-4395-AE64-56F6966A7F82} = {71894951-8BBE-4395-AE64-56F6966A7F82}
		{9B5D3D4E-F023-458A-AE92-CD8A6C30C715} = {9B5D3D4E-F023-458A-AE92-CD8A6C30C715}
		{6F1A4B11-07E1-48B2-8D13-82FC02B70AE0} = {6F1A4B11-07E1-48B2-8D13-82FC02B70AE0}
	EndProjectSection
EndProject
Project("{8BC9CEB8-8B4A-11D0-8D11-00A0C91BC942}") = "CreateCodec", "CreateCodec\CreateCodec.vcproj", "{B42C7F61-5F6D-49F2-9F1B-179AC565CBD8}"
	ProjectSection(ProjectDependencies) = postProject
		{71894951-8BBE-4395-AE64-56F6966A7F82} = {71894951-8BBE-4395-AE64-56F6966A7F82}
		{9B5D3D4E-F023-458A-AE92-CD8A6C30C715} = {9B5D3D4E-F023-458A-AE92-CD8A6C30C715}
		{6F1A4B11-07E1-48B2-8D13-82FC02B70AE0} = {6F1A4B11-07E1-48B2-8D13-82FC02B70AE0}
	EndProjectSection
EndProject
Project("{8BC9CEB8-8B4A-11D0-8D11-00A0C91BC942}") = "LibBase", "..\Libraries\Libbase\LibBase.vcproj", "{9B5D3D4E-F023-458A-AE92-CD8A6C30C715}"
EndProject
Project("{8BC9CEB8-8B4A-11D0-8D11-00A0C91BC942}") = "LibComm", "..\Libraries\Libcomm\LibComm.vcproj", "{71894951-8BBE-4395-AE64-56F6966A7F82}"
	ProjectSection(ProjectDependencies) = postProject
		{9B5D3D4E-F023-458A-AE92-CD8A6C30C715} = {9B5D3D4E-F023-458A-AE92-CD8A6C30C715}
	EndProjectSection
EndProject
Project("{8BC9CEB8-8B4A-11D0-8D11-00A0C91BC942}") = "LibWin", "..\LIBRARIES\Libwin\LibWin.vcproj", "{6F1A4B11-07E1-48B2-8D13-82FC02B70AE0}"
	ProjectSection(ProjectDependencies) = postProject
		{9B5D3D4E-F023-458A-AE92-CD8A6C30C715} = {9B5D3D4E-F023-458A-AE92-CD8A6C30C715}
	EndProjectSection
EndProject
Project("{8BC9CEB8-8B4A-11D0-8D11-00A0C91BC942}") = "SPECturbo", "SPECturbo\SPECturbo.vcproj", "{7777AB22-FDBF-436B-9A14-34DD498A2E5E}"
	ProjectSection(ProjectDependencies) = postProject
		{71894951-8BBE-4395-AE64-56F6966A7F82} = {71894951-8BBE-4395-AE64-56F6966A7F82}
		{9B5D3D4E-F023-458A-AE92-CD8A6C30C715} = {9B5D3D4E-F023-458A-AE92-CD8A6C30C715}
	EndProjectSection
EndProject
Project("{8BC9CEB8-8B4A-11D0-8D11-00A0C91BC942}") = "SRandomInterleaver", "SRandomInterleaver\SRandomInterleaver.vcproj", "{AB881925-2F88-4CDD-8AF1-868F3CF61D0E}"
	ProjectSection(ProjectDependencies) = postProject
		{9B5D3D4E-F023-458A-AE92-CD8A6C30C715} = {9B5D3D4E-F023-458A-AE92-CD8A6C30C715}
		{6F1A4B11-07E1-48B2-8D13-82FC02B70AE0} = {6F1A4B11-07E1-48B2-8D13-82FC02B70AE0}
	EndProjectSection
EndProject
Project("{8BC9CEB8-8B4A-11D0-8D11-00A0C91BC942}") = "SimCommsys", "SimCommsys\SimCommsys.vcproj", "{72FBB4CF-2BC0-4290-9937-09C698F94C04}"
	ProjectSection(ProjectDependencies) = postProject
		{71894951-8BBE-4395-AE64-56F6966A7F82} = {71894951-8BBE-4395-AE64-56F6966A7F82}
		{9B5D3D4E-F023-458A-AE92-CD8A6C30C715} = {9B5D3D4E-F023-458A-AE92-CD8A6C30C715}
	EndProjectSection
EndProject
Project("{8BC9CEB8-8B4A-11D0-8D11-00A0C91BC942}") = "SimulateCommsys", "SimulateCommsys\SimulateCommsys.vcproj", "{CD0976D8-AADC-45E7-91AB-629AE4DBA391}"
	ProjectSection(ProjectDependencies) = postProject
		{71894951-8BBE-4395-AE64-56F6966A7F82} = {71894951-8BBE-4395-AE64-56F6966A7F82}
		{9B5D3D4E-F023-458A-AE92-CD8A6C30C715} = {9B5D3D4E-F023-458A-AE92-CD8A6C30C715}
		{6F1A4B11-07E1-48B2-8D13-82FC02B70AE0} = {6F1A4B11-07E1-48B2-8D13-82FC02B70AE0}
	EndProjectSection
EndProject
Project("{2150E333-8FDC-42A3-9474-1A3956D46DE8}") = "Libraries", "Libraries", "{1B0E0C95-F2DE-45E6-BE4F-841AEA2DABE1}"
EndProject
Project("{2150E333-8FDC-42A3-9474-1A3956D46DE8}") = "Current", "Current", "{58B02313-ED25-4BF5-97D3-63A82AEC53F0}"
EndProject
Global
	GlobalSection(SolutionConfigurationPlatforms) = preSolution
		Debug|Win32 = Debug|Win32
		Release|Win32 = Release|Win32
	EndGlobalSection
	GlobalSection(ProjectConfigurationPlatforms) = postSolution
		{33AF05B0-BD59-4695-B1E0-DD22A2A826A9}.Debug|Win32.ActiveCfg = Debug|Win32
		{33AF05B0-BD59-4695-B1E0-DD22A2A826A9}.Debug|Win32.Build.0 = Debug|Win32
		{33AF05B0-BD59-4695-B1E0-DD22A2A826A9}.Release|Win32.ActiveCfg = Release|Win32
		{33AF05B0-BD59-4695-B1E0-DD22A2A826A9}.Release|Win32.Build.0 = Release|Win32
		{B3B60BCE-5D9E-4F1F-B5B0-254B96A1707D}.Debug|Win32.ActiveCfg = Debug|Win32
		{B3B60BCE-5D9E-4F1F-B5B0-254B96A1707D}.Debug|Win32.Build.0 = Debug|Win32
		{B3B60BCE-5D9E-4F1F-B5B0-254B96A1707D}.Release|Win32.ActiveCfg = Release|Win32
		{B3B60BCE-5D9E-4F1F-B5B0-254B96A1707D}.Release|Win32.Build.0 = Release|Win32
		{B42C7F61-5F6D-49F2-9F1B-179AC565CBD8}.Debug|Win32.ActiveCfg = Debug|Win32
		{B42C7F61-5F6D-49F2-9F1B-179AC565CBD8}.Debug|Win32.Build.0 = Debug|Win32
		{B42C7F61-5F6D-49F2-9F1B-179AC565CBD8}.Release|Win32.ActiveCfg = Release|Win32
		{B42C7F61-5F6D-49F2-9F1B-179AC565CBD8}.Release|Win32.Build.0 = Release|Win32
		{9B5D3D4E-F023-458A-AE92-CD8A6C30C715}.Debug|Win32.ActiveCfg = Debug|Win32
		{9B5D3D4E-F023-458A-AE92-CD8A6C30C715}.Debug|Win32.Build.0 = Debug|Win32
		{9B5D3D4E-F023-458A-AE92-CD8A6C30C715}.Release|Win32.ActiveCfg = Release|Win32
		{9B5D3D4E-F023-458A-AE92-CD8A6C30C715}.Release|Win32.Build.0 = Release|Win32
		{71894951-8BBE-4395-AE64-56F6966A7F82}.Debug|Win32.ActiveCfg = Debug|Win32
		{71894951-8BBE-4395-AE64-56F6966A7F82}.Debug|Win32.Build.0 = Debug|Win32
		{71894951-8BBE-4395-AE64-56F6966A7F82}.Release|Win32.ActiveCfg = Release|Win32
		{71894951-8BBE-4395-AE64-56F6966A7F82}.Release|Win32.Build.0 = Release|Win32
		{6F1A4B11-07E1-48B2-8D13-82FC02B70AE0}.Debug|Win32.ActiveCfg = Debug|Win32
		{6F1A4B11-07E1-48B2-8D13-82FC02B70AE0}.Debug|Win32.Build.0 = Debug|Win32
		{6F1A4B11-07E1-48B2-8D13-82FC02B70AE0}.Release|Win32.ActiveCfg = Release|Win32
		{6F1A4B11-07E1-48B2-8D13-82FC02B70AE0}.Release|Win32.Build.0 = Release|Win32
		{7777AB22-FDBF-436B-9A14-34DD498A2E5E}.Debug|Win32.ActiveCfg = Debug|Win32
		{7777AB22-FDBF-436B-9A14-34DD498A2E5E}.Debug|Win32.Build.0 = Debug|Win32
		{7777AB22-FDBF-436B-9A14-34DD498A2E5E}.Release|Win32.ActiveCfg = Release|Win32
		{7777AB22-FDBF-436B-9A14-34DD498A2E5E}.Release|Win32.Build.0 = Release|Win32
		{AB881925-2F88-4CDD-8AF1-868F3CF61D0E}.Debug|Win32.ActiveCfg = Debug|Win32
		{AB881925-2F88-4CDD-8AF1-868F3CF61D0E}.Debug|Win32.Build.0 = Debug|Win32
		{AB881925-2F88-4CDD-8AF1-868F3CF61D0E}.Release|Win32.ActiveCfg = Release|Win32
		{AB881925-2F88-4CDD-8AF1-868F3CF61D0E}.Release|Win32.Build.0 = Release|Win32
		{72FBB4CF-2BC0-4290-9937-09C698F94C04}.Debug|Win32.ActiveCfg = Debug|Win32
		{72FBB4CF-2BC0-4290-9937-09C698F94C04}.Debug|Win32.Build.0 = Debug|Win32
		{72FBB4CF-2BC0-4290-9937-09C698F94C04}.Release|Win32.ActiveCfg = Release|Win32
		{72FBB4CF-2BC0-4290-9937-09C698F94C04}.Release|Win32.Build.0 = Release|Win32
		{CD0976D8-AADC-45E7-91AB-629AE4DBA391}.Debug|Win32.ActiveCfg = Debug|Win32
		{CD0976D8-AADC-45E7-91AB-629AE4DBA391}.Debug|Win32.Build.0 = Debug|Win32
		{CD0976D8-AADC-45E7-91AB-629AE4DBA391}.Release|Win32.ActiveCfg = Release|Win32
		{CD0976D8-AADC-45E7-91AB-629AE4DBA391}.Release|Win32.Build.0 = Release|Win32
	EndGlobalSection
	GlobalSection(SolutionProperties) = preSolution
		HideSolutionNode = FALSE
	EndGlobalSection
	GlobalSection(NestedProjects) = preSolution
		{B3B60BCE-5D9E-4F1F-B5B0-254B96A1707D} = {58B02313-ED25-4BF5-97D3-63A82AEC53F0}
		{B42C7F61-5F6D-49F2-9F1B-179AC565CBD8} = {58B02313-ED25-4BF5-97D3-63A82AEC53F0}
		{7777AB22-FDBF-436B-9A14-34DD498A2E5E} = {58B02313-ED25-4BF5-97D3-63A82AEC53F0}
		{AB881925-2F88-4CDD-8AF1-868F3CF61D0E} = {58B02313-ED25-4BF5-97D3-63A82AEC53F0}
		{72FBB4CF-2BC0-4290-9937-09C698F94C04} = {58B02313-ED25-4BF5-97D3-63A82AEC53F0}
		{CD0976D8-AADC-45E7-91AB-629AE4DBA391} = {58B02313-ED25-4BF5-97D3-63A82AEC53F0}
		{33AF05B0-BD59-4695-B1E0-DD22A2A826A9} = {58B02313-ED25-4BF5-97D3-63A82AEC53F0}
		{71894951-8BBE-4395-AE64-56F6966A7F82} = {1B0E0C95-F2DE-45E6-BE4F-841AEA2DABE1}
		{6F1A4B11-07E1-48B2-8D13-82FC02B70AE0} = {1B0E0C95-F2DE-45E6-BE4F-841AEA2DABE1}
		{9B5D3D4E-F023-458A-AE92-CD8A6C30C715} = {1B0E0C95-F2DE-45E6-BE4F-841AEA2DABE1}
	EndGlobalSection
EndGlobal
