<?xml version="1.0" encoding="utf-8"?>
<Project ToolsVersion="4.0" xmlns="http://schemas.microsoft.com/developer/msbuild/2003">
  <ItemGroup>
    <Filter Include="Source Files">
      <UniqueIdentifier>{c2395a21-0ae3-4312-b41f-b7a175ded0e6}</UniqueIdentifier>
      <Extensions>cpp;c;cxx;rc;def;r;odl;idl;hpj;bat</Extensions>
    </Filter>
    <Filter Include="Header Files">
      <UniqueIdentifier>{818df465-891d-4187-89c4-9caf2ee1b692}</UniqueIdentifier>
      <Extensions>h;hpp;hxx;hm;inl</Extensions>
    </Filter>
  </ItemGroup>
  <ItemGroup>
    <ClCompile Include="filter\atmfilter.cpp">
      <Filter>Source Files</Filter>
    </ClCompile>
    <ClCompile Include="filter\awfilter.cpp">
      <Filter>Source Files</Filter>
    </ClCompile>
    <ClCompile Include="filter.cpp">
      <Filter>Source Files</Filter>
    </ClCompile>
    <ClCompile Include="image.cpp">
      <Filter>Source Files</Filter>
    </ClCompile>
    <ClCompile Include="imagefile.cpp">
      <Filter>Source Files</Filter>
    </ClCompile>
    <ClCompile Include="filter\limitfilter.cpp">
      <Filter>Source Files</Filter>
    </ClCompile>
    <ClCompile Include="filter\variancefilter.cpp">
      <Filter>Source Files</Filter>
    </ClCompile>
    <ClCompile Include="wavelet.cpp">
      <Filter>Source Files</Filter>
    </ClCompile>
    <ClCompile Include="filter\waveletfilter.cpp">
      <Filter>Source Files</Filter>
    </ClCompile>
  </ItemGroup>
  <ItemGroup>
    <ClInclude Include="filter\atmfilter.h">
      <Filter>Header Files</Filter>
    </ClInclude>
    <ClInclude Include="filter\awfilter.h">
      <Filter>Header Files</Filter>
    </ClInclude>
    <ClInclude Include="filter.h">
      <Filter>Header Files</Filter>
    </ClInclude>
    <ClInclude Include="image.h">
      <Filter>Header Files</Filter>
    </ClInclude>
    <ClInclude Include="imagefile.h">
      <Filter>Header Files</Filter>
    </ClInclude>
    <ClInclude Include="filter\limitfilter.h">
      <Filter>Header Files</Filter>
    </ClInclude>
    <ClInclude Include="filter\variancefilter.h">
      <Filter>Header Files</Filter>
    </ClInclude>
    <ClInclude Include="wavelet.h">
      <Filter>Header Files</Filter>
    </ClInclude>
    <ClInclude Include="filter\waveletfilter.h">
      <Filter>Header Files</Filter>
    </ClInclude>
  </ItemGroup>
</Project>