<?xml version="1.0" encoding="utf-8"?>
<Project ToolsVersion="4.0" xmlns="http://schemas.microsoft.com/developer/msbuild/2003">
  <ItemGroup>
    <Filter Include="Source Files">
      <UniqueIdentifier>{4d6b0e50-3285-4db9-b76c-d384174fcca0}</UniqueIdentifier>
      <Extensions>cpp;c;cxx;rc;def;r;odl;idl;hpj;bat</Extensions>
    </Filter>
    <Filter Include="Header Files">
      <UniqueIdentifier>{7b828a8b-5a26-4c85-8676-f580e321149e}</UniqueIdentifier>
      <Extensions>h;hpp;hxx;hm;inl</Extensions>
    </Filter>
  </ItemGroup>
  <ItemGroup>
    <ClCompile Include="ArchiveStreamBuf.cpp">
      <Filter>Source Files</Filter>
    </ClCompile>
    <ClCompile Include="FolderDialog.cpp">
      <Filter>Source Files</Filter>
    </ClCompile>
    <ClCompile Include="Histogram2D.cpp">
      <Filter>Source Files</Filter>
    </ClCompile>
    <ClCompile Include="MBoxStreamBuf.cpp">
      <Filter>Source Files</Filter>
    </ClCompile>
    <ClCompile Include="PSAutomate.cpp">
      <Filter>Source Files</Filter>
    </ClCompile>
    <ClCompile Include="PSPlugIn.cpp">
      <Filter>Source Files</Filter>
    </ClCompile>
    <ClCompile Include="RoutedIO.cpp">
      <Filter>Source Files</Filter>
    </ClCompile>
    <ClCompile Include="StatusGraph.cpp">
      <Filter>Source Files</Filter>
    </ClCompile>
    <ClCompile Include="StdAfx.cpp">
      <Filter>Source Files</Filter>
    </ClCompile>
    <ClCompile Include="StringStreamBuf.cpp">
      <Filter>Source Files</Filter>
    </ClCompile>
    <ClCompile Include="TraceStreamBuf.cpp">
      <Filter>Source Files</Filter>
    </ClCompile>
    <ClCompile Include="WaterHeaterClient.cpp">
      <Filter>Source Files</Filter>
    </ClCompile>
    <ClCompile Include="WorkerThread.cpp">
      <Filter>Source Files</Filter>
    </ClCompile>
  </ItemGroup>
  <ItemGroup>
    <ClInclude Include="ArchiveStreamBuf.h">
      <Filter>Header Files</Filter>
    </ClInclude>
    <ClInclude Include="FolderDialog.h">
      <Filter>Header Files</Filter>
    </ClInclude>
    <ClInclude Include="Histogram2D.h">
      <Filter>Header Files</Filter>
    </ClInclude>
    <ClInclude Include="MBoxStreamBuf.h">
      <Filter>Header Files</Filter>
    </ClInclude>
    <ClInclude Include="PSAutomate.h">
      <Filter>Header Files</Filter>
    </ClInclude>
    <ClInclude Include="PSPlugIn.h">
      <Filter>Header Files</Filter>
    </ClInclude>
    <ClInclude Include="RoutedIO.h">
      <Filter>Header Files</Filter>
    </ClInclude>
    <ClInclude Include="ScriptingKeys.h">
      <Filter>Header Files</Filter>
    </ClInclude>
    <ClInclude Include="StatusGraph.h">
      <Filter>Header Files</Filter>
    </ClInclude>
    <ClInclude Include="StdAfx.h">
      <Filter>Header Files</Filter>
    </ClInclude>
    <ClInclude Include="StringStreamBuf.h">
      <Filter>Header Files</Filter>
    </ClInclude>
    <ClInclude Include="TraceStreamBuf.h">
      <Filter>Header Files</Filter>
    </ClInclude>
    <ClInclude Include="WaterHeaterClient.h">
      <Filter>Header Files</Filter>
    </ClInclude>
    <ClInclude Include="WorkerThread.h">
      <Filter>Header Files</Filter>
    </ClInclude>
    <ClInclude Include="wmdefines.h">
      <Filter>Header Files</Filter>
    </ClInclude>
  </ItemGroup>
</Project>